// !$*UTF8*$!
{
	archiveVersion = 1;
	classes = {
	};
	objectVersion = 77;
	objects = {

/* Begin PBXBuildFile section */
		0FFD1A4567A90C61047FD763 /* SettingsStorage.swift in Sources */ = {isa = PBXBuildFile; fileRef = F91E893AF3E6C20B492D3CB7 /* SettingsStorage.swift */; };
		107FDBF081DEEF30BD2A922D /* Assets.xcassets in Resources */ = {isa = PBXBuildFile; fileRef = F0D8B455676B571AEC778E72 /* Assets.xcassets */; };
		1A2B3C4D5E6F7890ABCDEF01 /* LaunchAtLogin in Frameworks */ = {isa = PBXBuildFile; productRef = 1A2B3C4D5E6F7890ABCDEF02 /* LaunchAtLogin */; };
		247C7BD6AD352D40A40CCFD0 /* DynamicNotchKit in Frameworks */ = {isa = PBXBuildFile; productRef = B431F17EA826367ED3C4D989 /* DynamicNotchKit */; };
		3230AC685182CD2F888DF3BC /* MeetingAudioSource.swift in Sources */ = {isa = PBXBuildFile; fileRef = 3193B0160E38FA4135969F79 /* MeetingAudioSource.swift */; };
		37B4946599B2FDB08DEB48E7 /* DidunyApp.swift in Sources */ = {isa = PBXBuildFile; fileRef = BDE5770AB5E9601E0DB6B878 /* DidunyApp.swift */; };
		3857104F9A2310C3DA6E8290 /* PermissionManager.swift in Sources */ = {isa = PBXBuildFile; fileRef = 924F66A90537891F57F1CF0D /* PermissionManager.swift */; };
		497E932204DB8D119B40EAA5 /* PushToTalkService.swift in Sources */ = {isa = PBXBuildFile; fileRef = 4CDE81820CACD577C91281C9 /* PushToTalkService.swift */; };
		4A3450320A622E433A5E4907 /* Logger.swift in Sources */ = {isa = PBXBuildFile; fileRef = AB584F0BDA9252D1D71CE50D /* Logger.swift */; };
		4EB7E17EB03BFF9E631E38A9 /* KeychainManager.swift in Sources */ = {isa = PBXBuildFile; fileRef = 2430641841403AB68C61B536 /* KeychainManager.swift */; };
		5007F0585DD384082AB30B8F /* AppDelegate+TranslationRecording.swift in Sources */ = {isa = PBXBuildFile; fileRef = 01E272A8E12D4EEF5D724E91 /* AppDelegate+TranslationRecording.swift */; };
		5453778FD073ED02C9FE02E8 /* AppDelegate+Recording.swift in Sources */ = {isa = PBXBuildFile; fileRef = 3E35E1F13A5F9761C79FB488 /* AppDelegate+Recording.swift */; };
		55F5847B980E76CCAA1B8E0B /* SonioxTranscriptionService.swift in Sources */ = {isa = PBXBuildFile; fileRef = 7161DC20C0C0DCEF504F0E74 /* SonioxTranscriptionService.swift */; };
		56700AFF9E4935DDDDA72D7D /* MeetingRecorderService.swift in Sources */ = {isa = PBXBuildFile; fileRef = FE81A3506184A31D459CC1DA /* MeetingRecorderService.swift */; };
		64D6EF9C214D33A864FE9D75 /* APISettingsView.swift in Sources */ = {isa = PBXBuildFile; fileRef = CB2A56895EB9FB8DD4C00BE7 /* APISettingsView.swift */; };
		78E2E9B4903AA5A8A50AA6FC /* AppDelegate+Hotkeys.swift in Sources */ = {isa = PBXBuildFile; fileRef = 7D2CC58C907B4985941DCDA9 /* AppDelegate+Hotkeys.swift */; };
		86207F57859F544F066B0140 /* PushToTalkKey.swift in Sources */ = {isa = PBXBuildFile; fileRef = 67216EAEE79FD497A77BD7D6 /* PushToTalkKey.swift */; };
		8CAA1C227A9788C6A9687E7D /* NotchContentView.swift in Sources */ = {isa = PBXBuildFile; fileRef = 622FD84CF56FC17420114B9C /* NotchContentView.swift */; };
		8E61D4628397B11E5BCEE03D /* SystemAudioCaptureService.swift in Sources */ = {isa = PBXBuildFile; fileRef = 70DDD786E73A1532AE91FC20 /* SystemAudioCaptureService.swift */; };
		8F7F926DB1CF87A2F8800B51 /* AudioSettingsView.swift in Sources */ = {isa = PBXBuildFile; fileRef = D052DF5E0E01BC0AD2742150 /* AudioSettingsView.swift */; };
		948ADBEBD5ED5D02955F7E28 /* AudioRecorderService.swift in Sources */ = {isa = PBXBuildFile; fileRef = 6BBD93A73F0292748E989CA5 /* AudioRecorderService.swift */; };
		9876807751B2F948878C2BDF /* NotchManager.swift in Sources */ = {isa = PBXBuildFile; fileRef = 38BE9CBB73A253BFF5530CBD /* NotchManager.swift */; };
		9FD5B6627D4A5BE503A607FF /* AppState.swift in Sources */ = {isa = PBXBuildFile; fileRef = 91E1CBBAFEDD499C3BD8C811 /* AppState.swift */; };
		A09E73F9CCF5D1023A1E3D2F /* AppDelegate.swift in Sources */ = {isa = PBXBuildFile; fileRef = 52166362DE73BAC6891FA206 /* AppDelegate.swift */; };
		AA8C95710FD8D22B9FF8242A /* AudioMixerService.swift in Sources */ = {isa = PBXBuildFile; fileRef = DE04DF44C896CD368ED16901 /* AudioMixerService.swift */; };
		C24B6F611448AF8CAD8E3DB9 /* MeetingSettingsView.swift in Sources */ = {isa = PBXBuildFile; fileRef = BA64DC6EAB5D1FB38CF7F517 /* MeetingSettingsView.swift */; };
		C5FA530A98A4A76DD9DEA952 /* AppDelegate+MeetingRecording.swift in Sources */ = {isa = PBXBuildFile; fileRef = 18174CC5740A330799589646 /* AppDelegate+MeetingRecording.swift */; };
		C6297FB1BED3D932E43C6C7E /* ClipboardService.swift in Sources */ = {isa = PBXBuildFile; fileRef = 459B59FAABA91EB9AD4EB4EF /* ClipboardService.swift */; };
		C7A8368E38269D419E0C0832 /* SettingsView.swift in Sources */ = {isa = PBXBuildFile; fileRef = 0E8F66106EF94ABC7EDE8870 /* SettingsView.swift */; };
		C8BEA1A38683AA8F1AA4D84E /* AudioDeviceManager.swift in Sources */ = {isa = PBXBuildFile; fileRef = 8D1A1D461E4C3229A9A8A486 /* AudioDeviceManager.swift */; };
		CAA3AF319715F9DD611CCC8B /* PermissionsSettingsView.swift in Sources */ = {isa = PBXBuildFile; fileRef = 52C8A25D3FCD6DE742A1274E /* PermissionsSettingsView.swift */; };
		CC8A0AB7ADA44B998EC3E45D /* ServiceProtocols.swift in Sources */ = {isa = PBXBuildFile; fileRef = 26809CA162E096F4EA668768 /* ServiceProtocols.swift */; };
		D52AFEB3B25B529860D14116 /* AudioDevice.swift in Sources */ = {isa = PBXBuildFile; fileRef = 118CE8BCA0160E31FD916B10 /* AudioDevice.swift */; };
		D6203B3BADF3AA7E40186F11 /* HotkeyService.swift in Sources */ = {isa = PBXBuildFile; fileRef = 0491E26240E167BDB5DCACEE /* HotkeyService.swift */; };
		DB3964EFB7C60E392C41A920 /* MenuBarIconView.swift in Sources */ = {isa = PBXBuildFile; fileRef = 0B43D2844894F848F20BFDEB /* MenuBarIconView.swift */; };
		DEE6BFC7FC33767EDB94BFDE /* RecoveryStateManager.swift in Sources */ = {isa = PBXBuildFile; fileRef = E2133D27EF1A261954A78BEB /* RecoveryStateManager.swift */; };
		E4DA7F7432AC5A880F8D5CE8 /* GeneralSettingsView.swift in Sources */ = {isa = PBXBuildFile; fileRef = B850C5D55AE7652A88CE36F5 /* GeneralSettingsView.swift */; };
		E6C0A2BB2B96403F5AD765B3 /* KeyboardShortcuts in Frameworks */ = {isa = PBXBuildFile; productRef = 2E72BE3A05C906A8B16DBE4E /* KeyboardShortcuts */; };
		E964A2A72A8EF5749A0D3FFD /* PERMISSIONS_UPDATE.md in Resources */ = {isa = PBXBuildFile; fileRef = 26B3B34E40EA2C4BC6947F32 /* PERMISSIONS_UPDATE.md */; };
		EBD6CE2EED71E6F9BC63E53E /* MenuBarContentView.swift in Sources */ = {isa = PBXBuildFile; fileRef = 06C864D23789DFC70C7FE0D3 /* MenuBarContentView.swift */; };
		F6597F7A3262A493D769B85B /* Errors.swift in Sources */ = {isa = PBXBuildFile; fileRef = BECAEC93BAEBC7FB0CE79126 /* Errors.swift */; };
/* End PBXBuildFile section */

/* Begin PBXFileReference section */
		01E272A8E12D4EEF5D724E91 /* AppDelegate+TranslationRecording.swift */ = {isa = PBXFileReference; lastKnownFileType = sourcecode.swift; path = "AppDelegate+TranslationRecording.swift"; sourceTree = "<group>"; };
		0491E26240E167BDB5DCACEE /* HotkeyService.swift */ = {isa = PBXFileReference; lastKnownFileType = sourcecode.swift; path = HotkeyService.swift; sourceTree = "<group>"; };
		06C864D23789DFC70C7FE0D3 /* MenuBarContentView.swift */ = {isa = PBXFileReference; lastKnownFileType = sourcecode.swift; path = MenuBarContentView.swift; sourceTree = "<group>"; };
		0B43D2844894F848F20BFDEB /* MenuBarIconView.swift */ = {isa = PBXFileReference; lastKnownFileType = sourcecode.swift; path = MenuBarIconView.swift; sourceTree = "<group>"; };
		0C49EEDF9A5AEED5B941A6AF /* Test.xcconfig */ = {isa = PBXFileReference; lastKnownFileType = text.xcconfig; path = Test.xcconfig; sourceTree = "<group>"; };
		0E8F66106EF94ABC7EDE8870 /* SettingsView.swift */ = {isa = PBXFileReference; lastKnownFileType = sourcecode.swift; path = SettingsView.swift; sourceTree = "<group>"; };
		118CE8BCA0160E31FD916B10 /* AudioDevice.swift */ = {isa = PBXFileReference; lastKnownFileType = sourcecode.swift; path = AudioDevice.swift; sourceTree = "<group>"; };
		18174CC5740A330799589646 /* AppDelegate+MeetingRecording.swift */ = {isa = PBXFileReference; lastKnownFileType = sourcecode.swift; path = "AppDelegate+MeetingRecording.swift"; sourceTree = "<group>"; };
		2430641841403AB68C61B536 /* KeychainManager.swift */ = {isa = PBXFileReference; lastKnownFileType = sourcecode.swift; path = KeychainManager.swift; sourceTree = "<group>"; };
		26809CA162E096F4EA668768 /* ServiceProtocols.swift */ = {isa = PBXFileReference; lastKnownFileType = sourcecode.swift; path = ServiceProtocols.swift; sourceTree = "<group>"; };
		26B3B34E40EA2C4BC6947F32 /* PERMISSIONS_UPDATE.md */ = {isa = PBXFileReference; lastKnownFileType = net.daringfireball.markdown; path = PERMISSIONS_UPDATE.md; sourceTree = "<group>"; };
		3193B0160E38FA4135969F79 /* MeetingAudioSource.swift */ = {isa = PBXFileReference; lastKnownFileType = sourcecode.swift; path = MeetingAudioSource.swift; sourceTree = "<group>"; };
		38BE9CBB73A253BFF5530CBD /* NotchManager.swift */ = {isa = PBXFileReference; lastKnownFileType = sourcecode.swift; path = NotchManager.swift; sourceTree = "<group>"; };
		3E35E1F13A5F9761C79FB488 /* AppDelegate+Recording.swift */ = {isa = PBXFileReference; lastKnownFileType = sourcecode.swift; path = "AppDelegate+Recording.swift"; sourceTree = "<group>"; };
		459B59FAABA91EB9AD4EB4EF /* ClipboardService.swift */ = {isa = PBXFileReference; lastKnownFileType = sourcecode.swift; path = ClipboardService.swift; sourceTree = "<group>"; };
		4C5A21F6255692712508A475 /* Diduny.app */ = {isa = PBXFileReference; explicitFileType = wrapper.application; includeInIndex = 0; path = Diduny.app; sourceTree = BUILT_PRODUCTS_DIR; };
		4CDE81820CACD577C91281C9 /* PushToTalkService.swift */ = {isa = PBXFileReference; lastKnownFileType = sourcecode.swift; path = PushToTalkService.swift; sourceTree = "<group>"; };
		52166362DE73BAC6891FA206 /* AppDelegate.swift */ = {isa = PBXFileReference; lastKnownFileType = sourcecode.swift; path = AppDelegate.swift; sourceTree = "<group>"; };
		52C8A25D3FCD6DE742A1274E /* PermissionsSettingsView.swift */ = {isa = PBXFileReference; lastKnownFileType = sourcecode.swift; path = PermissionsSettingsView.swift; sourceTree = "<group>"; };
		622FD84CF56FC17420114B9C /* NotchContentView.swift */ = {isa = PBXFileReference; lastKnownFileType = sourcecode.swift; path = NotchContentView.swift; sourceTree = "<group>"; };
		67216EAEE79FD497A77BD7D6 /* PushToTalkKey.swift */ = {isa = PBXFileReference; lastKnownFileType = sourcecode.swift; path = PushToTalkKey.swift; sourceTree = "<group>"; };
		6BBD93A73F0292748E989CA5 /* AudioRecorderService.swift */ = {isa = PBXFileReference; lastKnownFileType = sourcecode.swift; path = AudioRecorderService.swift; sourceTree = "<group>"; };
		70DDD786E73A1532AE91FC20 /* SystemAudioCaptureService.swift */ = {isa = PBXFileReference; lastKnownFileType = sourcecode.swift; path = SystemAudioCaptureService.swift; sourceTree = "<group>"; };
		7161DC20C0C0DCEF504F0E74 /* SonioxTranscriptionService.swift */ = {isa = PBXFileReference; lastKnownFileType = sourcecode.swift; path = SonioxTranscriptionService.swift; sourceTree = "<group>"; };
		7D2CC58C907B4985941DCDA9 /* AppDelegate+Hotkeys.swift */ = {isa = PBXFileReference; lastKnownFileType = sourcecode.swift; path = "AppDelegate+Hotkeys.swift"; sourceTree = "<group>"; };
		8D1A1D461E4C3229A9A8A486 /* AudioDeviceManager.swift */ = {isa = PBXFileReference; lastKnownFileType = sourcecode.swift; path = AudioDeviceManager.swift; sourceTree = "<group>"; };
		91E1CBBAFEDD499C3BD8C811 /* AppState.swift */ = {isa = PBXFileReference; lastKnownFileType = sourcecode.swift; path = AppState.swift; sourceTree = "<group>"; };
		924F66A90537891F57F1CF0D /* PermissionManager.swift */ = {isa = PBXFileReference; lastKnownFileType = sourcecode.swift; path = PermissionManager.swift; sourceTree = "<group>"; };
		AB584F0BDA9252D1D71CE50D /* Logger.swift */ = {isa = PBXFileReference; lastKnownFileType = sourcecode.swift; path = Logger.swift; sourceTree = "<group>"; };
		B24F14EB2334C11AFF3CDD60 /* Diduny.entitlements */ = {isa = PBXFileReference; lastKnownFileType = text.plist.entitlements; path = Diduny.entitlements; sourceTree = "<group>"; };
		B850C5D55AE7652A88CE36F5 /* GeneralSettingsView.swift */ = {isa = PBXFileReference; lastKnownFileType = sourcecode.swift; path = GeneralSettingsView.swift; sourceTree = "<group>"; };
		BA64DC6EAB5D1FB38CF7F517 /* MeetingSettingsView.swift */ = {isa = PBXFileReference; lastKnownFileType = sourcecode.swift; path = MeetingSettingsView.swift; sourceTree = "<group>"; };
		BDE5770AB5E9601E0DB6B878 /* DidunyApp.swift */ = {isa = PBXFileReference; lastKnownFileType = sourcecode.swift; path = DidunyApp.swift; sourceTree = "<group>"; };
		BECAEC93BAEBC7FB0CE79126 /* Errors.swift */ = {isa = PBXFileReference; lastKnownFileType = sourcecode.swift; path = Errors.swift; sourceTree = "<group>"; };
		C1AFB9C5F772A874A404885C /* Debug.xcconfig */ = {isa = PBXFileReference; lastKnownFileType = text.xcconfig; path = Debug.xcconfig; sourceTree = "<group>"; };
		CB2A56895EB9FB8DD4C00BE7 /* APISettingsView.swift */ = {isa = PBXFileReference; lastKnownFileType = sourcecode.swift; path = APISettingsView.swift; sourceTree = "<group>"; };
		D052DF5E0E01BC0AD2742150 /* AudioSettingsView.swift */ = {isa = PBXFileReference; lastKnownFileType = sourcecode.swift; path = AudioSettingsView.swift; sourceTree = "<group>"; };
		DE04DF44C896CD368ED16901 /* AudioMixerService.swift */ = {isa = PBXFileReference; lastKnownFileType = sourcecode.swift; path = AudioMixerService.swift; sourceTree = "<group>"; };
		E2133D27EF1A261954A78BEB /* RecoveryStateManager.swift */ = {isa = PBXFileReference; lastKnownFileType = sourcecode.swift; path = RecoveryStateManager.swift; sourceTree = "<group>"; };
		F0D8B455676B571AEC778E72 /* Assets.xcassets */ = {isa = PBXFileReference; lastKnownFileType = folder.assetcatalog; path = Assets.xcassets; sourceTree = "<group>"; };
		F4E5B531DCAD149223A50A75 /* Release.xcconfig */ = {isa = PBXFileReference; lastKnownFileType = text.xcconfig; path = Release.xcconfig; sourceTree = "<group>"; };
		F54AB0D8602B537FB2845507 /* Info.plist */ = {isa = PBXFileReference; lastKnownFileType = text.plist; path = Info.plist; sourceTree = "<group>"; };
		F91E893AF3E6C20B492D3CB7 /* SettingsStorage.swift */ = {isa = PBXFileReference; lastKnownFileType = sourcecode.swift; path = SettingsStorage.swift; sourceTree = "<group>"; };
		FE81A3506184A31D459CC1DA /* MeetingRecorderService.swift */ = {isa = PBXFileReference; lastKnownFileType = sourcecode.swift; path = MeetingRecorderService.swift; sourceTree = "<group>"; };
/* End PBXFileReference section */

/* Begin PBXFrameworksBuildPhase section */
		B26474A90B8D0C0AC9DBBCF4 /* Frameworks */ = {
			isa = PBXFrameworksBuildPhase;
			buildActionMask = 2147483647;
			files = (
				E6C0A2BB2B96403F5AD765B3 /* KeyboardShortcuts in Frameworks */,
				247C7BD6AD352D40A40CCFD0 /* DynamicNotchKit in Frameworks */,
				1A2B3C4D5E6F7890ABCDEF01 /* LaunchAtLogin in Frameworks */,
			);
			runOnlyForDeploymentPostprocessing = 0;
		};
/* End PBXFrameworksBuildPhase section */

/* Begin PBXGroup section */
		15D2F8B0F5D1CD8440457521 /* Diduny */ = {
			isa = PBXGroup;
			children = (
				FCFFC7EBEF56DCCDC42E7B9C /* App */,
				ABC7199E67035E3C7302B5AC /* Core */,
				7EEF77831746708EAA22186E /* Features */,
				4463EE8C00F5F0BAAE37C4A4 /* Resources */,
			);
			path = Diduny;
			sourceTree = "<group>";
		};
		166821B9EBE984E0D67F7515 /* Products */ = {
			isa = PBXGroup;
			children = (
				4C5A21F6255692712508A475 /* Diduny.app */,
			);
			name = Products;
			sourceTree = "<group>";
		};
		1D2A9DD81BDB6D428A219153 /* Notch */ = {
			isa = PBXGroup;
			children = (
				622FD84CF56FC17420114B9C /* NotchContentView.swift */,
				38BE9CBB73A253BFF5530CBD /* NotchManager.swift */,
			);
			path = Notch;
			sourceTree = "<group>";
		};
		3C2D0D3FFD55601BC3148762 /* Models */ = {
			isa = PBXGroup;
			children = (
				118CE8BCA0160E31FD916B10 /* AudioDevice.swift */,
				BECAEC93BAEBC7FB0CE79126 /* Errors.swift */,
				3193B0160E38FA4135969F79 /* MeetingAudioSource.swift */,
				67216EAEE79FD497A77BD7D6 /* PushToTalkKey.swift */,
			);
			path = Models;
			sourceTree = "<group>";
		};
		4463EE8C00F5F0BAAE37C4A4 /* Resources */ = {
			isa = PBXGroup;
			children = (
				F0D8B455676B571AEC778E72 /* Assets.xcassets */,
				B24F14EB2334C11AFF3CDD60 /* Diduny.entitlements */,
				F54AB0D8602B537FB2845507 /* Info.plist */,
			);
			path = Resources;
			sourceTree = "<group>";
		};
		4E9257208A1E961F03A1A487 /* Services */ = {
			isa = PBXGroup;
			children = (
				8D1A1D461E4C3229A9A8A486 /* AudioDeviceManager.swift */,
				DE04DF44C896CD368ED16901 /* AudioMixerService.swift */,
				6BBD93A73F0292748E989CA5 /* AudioRecorderService.swift */,
				459B59FAABA91EB9AD4EB4EF /* ClipboardService.swift */,
				0491E26240E167BDB5DCACEE /* HotkeyService.swift */,
				FE81A3506184A31D459CC1DA /* MeetingRecorderService.swift */,
				4CDE81820CACD577C91281C9 /* PushToTalkService.swift */,
				7161DC20C0C0DCEF504F0E74 /* SonioxTranscriptionService.swift */,
				70DDD786E73A1532AE91FC20 /* SystemAudioCaptureService.swift */,
			);
			path = Services;
			sourceTree = "<group>";
		};
		6C36C552190EC6F27298225F /* MenuBar */ = {
			isa = PBXGroup;
			children = (
				06C864D23789DFC70C7FE0D3 /* MenuBarContentView.swift */,
				0B43D2844894F848F20BFDEB /* MenuBarIconView.swift */,
			);
			path = MenuBar;
			sourceTree = "<group>";
		};
		7C901722A852B7E4295355DA /* Protocols */ = {
			isa = PBXGroup;
			children = (
				26809CA162E096F4EA668768 /* ServiceProtocols.swift */,
			);
			path = Protocols;
			sourceTree = "<group>";
		};
		7EEF77831746708EAA22186E /* Features */ = {
			isa = PBXGroup;
			children = (
				6C36C552190EC6F27298225F /* MenuBar */,
				1D2A9DD81BDB6D428A219153 /* Notch */,
				8F1DB771BE47D76906F11C84 /* Settings */,
			);
			path = Features;
			sourceTree = "<group>";
		};
		86A4C8BEC7F50A0F4206230C /* Utilities */ = {
			isa = PBXGroup;
			children = (
				AB584F0BDA9252D1D71CE50D /* Logger.swift */,
			);
			path = Utilities;
			sourceTree = "<group>";
		};
		8F1DB771BE47D76906F11C84 /* Settings */ = {
			isa = PBXGroup;
			children = (
				CB2A56895EB9FB8DD4C00BE7 /* APISettingsView.swift */,
				D052DF5E0E01BC0AD2742150 /* AudioSettingsView.swift */,
				B850C5D55AE7652A88CE36F5 /* GeneralSettingsView.swift */,
				BA64DC6EAB5D1FB38CF7F517 /* MeetingSettingsView.swift */,
				0E8F66106EF94ABC7EDE8870 /* SettingsView.swift */,
			);
			path = Settings;
			sourceTree = "<group>";
		};
		9383F20E88F2F41999886C12 /* Storage */ = {
			isa = PBXGroup;
			children = (
				2430641841403AB68C61B536 /* KeychainManager.swift */,
				924F66A90537891F57F1CF0D /* PermissionManager.swift */,
				26B3B34E40EA2C4BC6947F32 /* PERMISSIONS_UPDATE.md */,
				52C8A25D3FCD6DE742A1274E /* PermissionsSettingsView.swift */,
				E2133D27EF1A261954A78BEB /* RecoveryStateManager.swift */,
				F91E893AF3E6C20B492D3CB7 /* SettingsStorage.swift */,
			);
			path = Storage;
			sourceTree = "<group>";
		};
		ABC7199E67035E3C7302B5AC /* Core */ = {
			isa = PBXGroup;
			children = (
				3C2D0D3FFD55601BC3148762 /* Models */,
				7C901722A852B7E4295355DA /* Protocols */,
				4E9257208A1E961F03A1A487 /* Services */,
				9383F20E88F2F41999886C12 /* Storage */,
				86A4C8BEC7F50A0F4206230C /* Utilities */,
			);
			path = Core;
			sourceTree = "<group>";
		};
		B6C1477395B1431F550CF057 = {
			isa = PBXGroup;
			children = (
				FB9E2593E522D0D3A76C8FB7 /* Config */,
				15D2F8B0F5D1CD8440457521 /* Diduny */,
				166821B9EBE984E0D67F7515 /* Products */,
			);
			sourceTree = "<group>";
		};
		FB9E2593E522D0D3A76C8FB7 /* Config */ = {
			isa = PBXGroup;
			children = (
				C1AFB9C5F772A874A404885C /* Debug.xcconfig */,
				F4E5B531DCAD149223A50A75 /* Release.xcconfig */,
				0C49EEDF9A5AEED5B941A6AF /* Test.xcconfig */,
			);
			path = Config;
			sourceTree = "<group>";
		};
		FCFFC7EBEF56DCCDC42E7B9C /* App */ = {
			isa = PBXGroup;
			children = (
				52166362DE73BAC6891FA206 /* AppDelegate.swift */,
				7D2CC58C907B4985941DCDA9 /* AppDelegate+Hotkeys.swift */,
				18174CC5740A330799589646 /* AppDelegate+MeetingRecording.swift */,
				3E35E1F13A5F9761C79FB488 /* AppDelegate+Recording.swift */,
				01E272A8E12D4EEF5D724E91 /* AppDelegate+TranslationRecording.swift */,
				91E1CBBAFEDD499C3BD8C811 /* AppState.swift */,
				BDE5770AB5E9601E0DB6B878 /* DidunyApp.swift */,
			);
			path = App;
			sourceTree = "<group>";
		};
/* End PBXGroup section */

/* Begin PBXNativeTarget section */
		80E4B00A9B397CFA48C6CD61 /* Diduny */ = {
			isa = PBXNativeTarget;
			buildConfigurationList = 70907262259AC93E1C1D4E30 /* Build configuration list for PBXNativeTarget "Diduny" */;
			buildPhases = (
				96B8F1370A2B9909FCC713D8 /* Sources */,
				93DD7B7138C10B14622DCB91 /* Resources */,
				B26474A90B8D0C0AC9DBBCF4 /* Frameworks */,
			);
			buildRules = (
			);
			dependencies = (
			);
			name = Diduny;
			packageProductDependencies = (
				2E72BE3A05C906A8B16DBE4E /* KeyboardShortcuts */,
				B431F17EA826367ED3C4D989 /* DynamicNotchKit */,
				1A2B3C4D5E6F7890ABCDEF02 /* LaunchAtLogin */,
			);
			productName = Diduny;
			productReference = 4C5A21F6255692712508A475 /* Diduny.app */;
			productType = "com.apple.product-type.application";
		};
/* End PBXNativeTarget section */

/* Begin PBXProject section */
		C2A45244C917AF2A13FB1A1E /* Project object */ = {
			isa = PBXProject;
			attributes = {
				BuildIndependentTargetsInParallel = YES;
				LastUpgradeCheck = 1500;
				TargetAttributes = {
					80E4B00A9B397CFA48C6CD61 = {
						DevelopmentTeam = 8JL9TM5WLG;
						ProvisioningStyle = Automatic;
					};
				};
			};
			buildConfigurationList = 286E02FDAF8F614DBF9A5566 /* Build configuration list for PBXProject "Diduny" */;
			compatibilityVersion = "Xcode 14.0";
			developmentRegion = en;
			hasScannedForEncodings = 0;
			knownRegions = (
				Base,
				en,
			);
			mainGroup = B6C1477395B1431F550CF057;
			minimizedProjectReferenceProxies = 1;
			packageReferences = (
				EEB3C042DE7A825E199A8D2F /* XCRemoteSwiftPackageReference "DynamicNotchKit" */,
				44A6802ED268E042B3E340B9 /* XCRemoteSwiftPackageReference "KeyboardShortcuts" */,
				1A2B3C4D5E6F7890ABCDEF03 /* XCRemoteSwiftPackageReference "LaunchAtLogin-Modern" */,
			);
			preferredProjectObjectVersion = 77;
			projectDirPath = "";
			projectRoot = "";
			targets = (
				80E4B00A9B397CFA48C6CD61 /* Diduny */,
			);
		};
/* End PBXProject section */

/* Begin PBXResourcesBuildPhase section */
		93DD7B7138C10B14622DCB91 /* Resources */ = {
			isa = PBXResourcesBuildPhase;
			buildActionMask = 2147483647;
			files = (
				107FDBF081DEEF30BD2A922D /* Assets.xcassets in Resources */,
				E964A2A72A8EF5749A0D3FFD /* PERMISSIONS_UPDATE.md in Resources */,
			);
			runOnlyForDeploymentPostprocessing = 0;
		};
/* End PBXResourcesBuildPhase section */

/* Begin PBXSourcesBuildPhase section */
		96B8F1370A2B9909FCC713D8 /* Sources */ = {
			isa = PBXSourcesBuildPhase;
			buildActionMask = 2147483647;
			files = (
				64D6EF9C214D33A864FE9D75 /* APISettingsView.swift in Sources */,
				78E2E9B4903AA5A8A50AA6FC /* AppDelegate+Hotkeys.swift in Sources */,
				C5FA530A98A4A76DD9DEA952 /* AppDelegate+MeetingRecording.swift in Sources */,
				5453778FD073ED02C9FE02E8 /* AppDelegate+Recording.swift in Sources */,
				5007F0585DD384082AB30B8F /* AppDelegate+TranslationRecording.swift in Sources */,
				A09E73F9CCF5D1023A1E3D2F /* AppDelegate.swift in Sources */,
				9FD5B6627D4A5BE503A607FF /* AppState.swift in Sources */,
				D52AFEB3B25B529860D14116 /* AudioDevice.swift in Sources */,
				C8BEA1A38683AA8F1AA4D84E /* AudioDeviceManager.swift in Sources */,
				AA8C95710FD8D22B9FF8242A /* AudioMixerService.swift in Sources */,
				948ADBEBD5ED5D02955F7E28 /* AudioRecorderService.swift in Sources */,
				8F7F926DB1CF87A2F8800B51 /* AudioSettingsView.swift in Sources */,
				C6297FB1BED3D932E43C6C7E /* ClipboardService.swift in Sources */,
				37B4946599B2FDB08DEB48E7 /* DidunyApp.swift in Sources */,
				F6597F7A3262A493D769B85B /* Errors.swift in Sources */,
				E4DA7F7432AC5A880F8D5CE8 /* GeneralSettingsView.swift in Sources */,
				D6203B3BADF3AA7E40186F11 /* HotkeyService.swift in Sources */,
				4EB7E17EB03BFF9E631E38A9 /* KeychainManager.swift in Sources */,
				4A3450320A622E433A5E4907 /* Logger.swift in Sources */,
				3230AC685182CD2F888DF3BC /* MeetingAudioSource.swift in Sources */,
				56700AFF9E4935DDDDA72D7D /* MeetingRecorderService.swift in Sources */,
				C24B6F611448AF8CAD8E3DB9 /* MeetingSettingsView.swift in Sources */,
				EBD6CE2EED71E6F9BC63E53E /* MenuBarContentView.swift in Sources */,
				DB3964EFB7C60E392C41A920 /* MenuBarIconView.swift in Sources */,
				8CAA1C227A9788C6A9687E7D /* NotchContentView.swift in Sources */,
				9876807751B2F948878C2BDF /* NotchManager.swift in Sources */,
				3857104F9A2310C3DA6E8290 /* PermissionManager.swift in Sources */,
				CAA3AF319715F9DD611CCC8B /* PermissionsSettingsView.swift in Sources */,
				86207F57859F544F066B0140 /* PushToTalkKey.swift in Sources */,
				497E932204DB8D119B40EAA5 /* PushToTalkService.swift in Sources */,
				DEE6BFC7FC33767EDB94BFDE /* RecoveryStateManager.swift in Sources */,
				CC8A0AB7ADA44B998EC3E45D /* ServiceProtocols.swift in Sources */,
				0FFD1A4567A90C61047FD763 /* SettingsStorage.swift in Sources */,
				C7A8368E38269D419E0C0832 /* SettingsView.swift in Sources */,
				55F5847B980E76CCAA1B8E0B /* SonioxTranscriptionService.swift in Sources */,
				8E61D4628397B11E5BCEE03D /* SystemAudioCaptureService.swift in Sources */,
			);
			runOnlyForDeploymentPostprocessing = 0;
		};
/* End PBXSourcesBuildPhase section */

/* Begin XCBuildConfiguration section */
		1597D7475480E90CED87DC89 /* Test */ = {
			isa = XCBuildConfiguration;
			buildSettings = {
				ASSETCATALOG_COMPILER_APPICON_NAME = AppIcon;
				CODE_SIGN_ENTITLEMENTS = Diduny/Resources/Diduny.entitlements;
				COMBINE_HIDPI_IMAGES = YES;
				INFOPLIST_FILE = Diduny/Resources/Info.plist;
				LD_RUNPATH_SEARCH_PATHS = (
					"@executable_path/../Frameworks",
				);
				PRODUCT_BUNDLE_IDENTIFIER = ua.com.rmarinsky.diduny.test;
				PRODUCT_NAME = "Diduny TEST";
				SDKROOT = macosx;
				SWIFT_ACTIVE_COMPILATION_CONDITIONS = TEST_BUILD;
			};
			name = Test;
		};
		2F2A33D2A7ECF1597458760E /* Test */ = {
			isa = XCBuildConfiguration;
			baseConfigurationReference = 0C49EEDF9A5AEED5B941A6AF /* Test.xcconfig */;
			buildSettings = {
				ALWAYS_SEARCH_USER_PATHS = NO;
				ARCHS = "arm64 x86_64";
				CLANG_ANALYZER_NONNULL = YES;
				CLANG_ANALYZER_NUMBER_OBJECT_CONVERSION = YES_AGGRESSIVE;
				CLANG_CXX_LANGUAGE_STANDARD = "gnu++14";
				CLANG_CXX_LIBRARY = "libc++";
				CLANG_ENABLE_MODULES = YES;
				CLANG_ENABLE_OBJC_ARC = YES;
				CLANG_ENABLE_OBJC_WEAK = YES;
				CLANG_WARN_BLOCK_CAPTURE_AUTORELEASING = YES;
				CLANG_WARN_BOOL_CONVERSION = YES;
				CLANG_WARN_COMMA = YES;
				CLANG_WARN_CONSTANT_CONVERSION = YES;
				CLANG_WARN_DEPRECATED_OBJC_IMPLEMENTATIONS = YES;
				CLANG_WARN_DIRECT_OBJC_ISA_USAGE = YES_ERROR;
				CLANG_WARN_DOCUMENTATION_COMMENTS = YES;
				CLANG_WARN_EMPTY_BODY = YES;
				CLANG_WARN_ENUM_CONVERSION = YES;
				CLANG_WARN_INFINITE_RECURSION = YES;
				CLANG_WARN_INT_CONVERSION = YES;
				CLANG_WARN_NON_LITERAL_NULL_CONVERSION = YES;
				CLANG_WARN_OBJC_IMPLICIT_RETAIN_SELF = YES;
				CLANG_WARN_OBJC_LITERAL_CONVERSION = YES;
				CLANG_WARN_OBJC_ROOT_CLASS = YES_ERROR;
				CLANG_WARN_QUOTED_INCLUDE_IN_FRAMEWORK_HEADER = YES;
				CLANG_WARN_RANGE_LOOP_ANALYSIS = YES;
				CLANG_WARN_STRICT_PROTOTYPES = YES;
				CLANG_WARN_SUSPICIOUS_MOVE = YES;
				CLANG_WARN_UNGUARDED_AVAILABILITY = YES_AGGRESSIVE;
				CLANG_WARN_UNREACHABLE_CODE = YES;
				CLANG_WARN__DUPLICATE_METHOD_MATCH = YES;
				CODE_SIGN_STYLE = Automatic;
				COPY_PHASE_STRIP = NO;
				CURRENT_PROJECT_VERSION = 1;
				DEVELOPMENT_TEAM = 8JL9TM5WLG;
				ENABLE_HARDENED_RUNTIME = YES;
				ENABLE_NS_ASSERTIONS = NO;
				ENABLE_STRICT_OBJC_MSGSEND = YES;
				GCC_C_LANGUAGE_STANDARD = gnu11;
				GCC_NO_COMMON_BLOCKS = YES;
				GCC_WARN_64_TO_32_BIT_CONVERSION = YES;
				GCC_WARN_ABOUT_RETURN_TYPE = YES_ERROR;
				GCC_WARN_UNDECLARED_SELECTOR = YES;
				GCC_WARN_UNINITIALIZED_AUTOS = YES_AGGRESSIVE;
				GCC_WARN_UNUSED_FUNCTION = YES;
				GCC_WARN_UNUSED_VARIABLE = YES;
				MACOSX_DEPLOYMENT_TARGET = 14.0;
				MARKETING_VERSION = 1.4.1;
				MTL_ENABLE_DEBUG_INFO = NO;
				MTL_FAST_MATH = YES;
				ONLY_ACTIVE_ARCH = NO;
				PRODUCT_NAME = "$(TARGET_NAME)";
				SDKROOT = macosx;
				SWIFT_COMPILATION_MODE = wholemodule;
				SWIFT_VERSION = 5.0;
			};
			name = Test;
		};
		49EFAF80F606F04699A86106 /* Release */ = {
			isa = XCBuildConfiguration;
			buildSettings = {
				ASSETCATALOG_COMPILER_APPICON_NAME = AppIcon;
				CODE_SIGN_ENTITLEMENTS = Diduny/Resources/Diduny.entitlements;
				COMBINE_HIDPI_IMAGES = YES;
				INFOPLIST_FILE = Diduny/Resources/Info.plist;
				LD_RUNPATH_SEARCH_PATHS = (
					"@executable_path/../Frameworks",
				);
				PRODUCT_BUNDLE_IDENTIFIER = ua.com.rmarinsky.diduny;
				PRODUCT_NAME = Diduny;
				SDKROOT = macosx;
			};
			name = Release;
		};
		CB09A9AB4CA14E28C1618458 /* Release */ = {
			isa = XCBuildConfiguration;
			baseConfigurationReference = F4E5B531DCAD149223A50A75 /* Release.xcconfig */;
			buildSettings = {
				ALWAYS_SEARCH_USER_PATHS = NO;
				ARCHS = "arm64 x86_64";
				CLANG_ANALYZER_NONNULL = YES;
				CLANG_ANALYZER_NUMBER_OBJECT_CONVERSION = YES_AGGRESSIVE;
				CLANG_CXX_LANGUAGE_STANDARD = "gnu++14";
				CLANG_CXX_LIBRARY = "libc++";
				CLANG_ENABLE_MODULES = YES;
				CLANG_ENABLE_OBJC_ARC = YES;
				CLANG_ENABLE_OBJC_WEAK = YES;
				CLANG_WARN_BLOCK_CAPTURE_AUTORELEASING = YES;
				CLANG_WARN_BOOL_CONVERSION = YES;
				CLANG_WARN_COMMA = YES;
				CLANG_WARN_CONSTANT_CONVERSION = YES;
				CLANG_WARN_DEPRECATED_OBJC_IMPLEMENTATIONS = YES;
				CLANG_WARN_DIRECT_OBJC_ISA_USAGE = YES_ERROR;
				CLANG_WARN_DOCUMENTATION_COMMENTS = YES;
				CLANG_WARN_EMPTY_BODY = YES;
				CLANG_WARN_ENUM_CONVERSION = YES;
				CLANG_WARN_INFINITE_RECURSION = YES;
				CLANG_WARN_INT_CONVERSION = YES;
				CLANG_WARN_NON_LITERAL_NULL_CONVERSION = YES;
				CLANG_WARN_OBJC_IMPLICIT_RETAIN_SELF = YES;
				CLANG_WARN_OBJC_LITERAL_CONVERSION = YES;
				CLANG_WARN_OBJC_ROOT_CLASS = YES_ERROR;
				CLANG_WARN_QUOTED_INCLUDE_IN_FRAMEWORK_HEADER = YES;
				CLANG_WARN_RANGE_LOOP_ANALYSIS = YES;
				CLANG_WARN_STRICT_PROTOTYPES = YES;
				CLANG_WARN_SUSPICIOUS_MOVE = YES;
				CLANG_WARN_UNGUARDED_AVAILABILITY = YES_AGGRESSIVE;
				CLANG_WARN_UNREACHABLE_CODE = YES;
				CLANG_WARN__DUPLICATE_METHOD_MATCH = YES;
				CODE_SIGN_STYLE = Automatic;
				COPY_PHASE_STRIP = NO;
				CURRENT_PROJECT_VERSION = 1;
				DEVELOPMENT_TEAM = 8JL9TM5WLG;
				ENABLE_HARDENED_RUNTIME = YES;
				ENABLE_NS_ASSERTIONS = NO;
				ENABLE_STRICT_OBJC_MSGSEND = YES;
				GCC_C_LANGUAGE_STANDARD = gnu11;
				GCC_NO_COMMON_BLOCKS = YES;
				GCC_WARN_64_TO_32_BIT_CONVERSION = YES;
				GCC_WARN_ABOUT_RETURN_TYPE = YES_ERROR;
				GCC_WARN_UNDECLARED_SELECTOR = YES;
				GCC_WARN_UNINITIALIZED_AUTOS = YES_AGGRESSIVE;
				GCC_WARN_UNUSED_FUNCTION = YES;
				GCC_WARN_UNUSED_VARIABLE = YES;
				MACOSX_DEPLOYMENT_TARGET = 14.0;
				MARKETING_VERSION = 1.4.1;
				MTL_ENABLE_DEBUG_INFO = NO;
				MTL_FAST_MATH = YES;
				ONLY_ACTIVE_ARCH = NO;
				PRODUCT_NAME = "$(TARGET_NAME)";
				SDKROOT = macosx;
				SWIFT_COMPILATION_MODE = wholemodule;
				SWIFT_VERSION = 5.0;
			};
			name = Release;
		};
		D798173A6EE5637EB45A132B /* Debug */ = {
			isa = XCBuildConfiguration;
			baseConfigurationReference = C1AFB9C5F772A874A404885C /* Debug.xcconfig */;
			buildSettings = {
				ALWAYS_SEARCH_USER_PATHS = NO;
				ARCHS = "arm64 x86_64";
				CLANG_ANALYZER_NONNULL = YES;
				CLANG_ANALYZER_NUMBER_OBJECT_CONVERSION = YES_AGGRESSIVE;
				CLANG_CXX_LANGUAGE_STANDARD = "gnu++14";
				CLANG_CXX_LIBRARY = "libc++";
				CLANG_ENABLE_MODULES = YES;
				CLANG_ENABLE_OBJC_ARC = YES;
				CLANG_ENABLE_OBJC_WEAK = YES;
				CLANG_WARN_BLOCK_CAPTURE_AUTORELEASING = YES;
				CLANG_WARN_BOOL_CONVERSION = YES;
				CLANG_WARN_COMMA = YES;
				CLANG_WARN_CONSTANT_CONVERSION = YES;
				CLANG_WARN_DEPRECATED_OBJC_IMPLEMENTATIONS = YES;
				CLANG_WARN_DIRECT_OBJC_ISA_USAGE = YES_ERROR;
				CLANG_WARN_DOCUMENTATION_COMMENTS = YES;
				CLANG_WARN_EMPTY_BODY = YES;
				CLANG_WARN_ENUM_CONVERSION = YES;
				CLANG_WARN_INFINITE_RECURSION = YES;
				CLANG_WARN_INT_CONVERSION = YES;
				CLANG_WARN_NON_LITERAL_NULL_CONVERSION = YES;
				CLANG_WARN_OBJC_IMPLICIT_RETAIN_SELF = YES;
				CLANG_WARN_OBJC_LITERAL_CONVERSION = YES;
				CLANG_WARN_OBJC_ROOT_CLASS = YES_ERROR;
				CLANG_WARN_QUOTED_INCLUDE_IN_FRAMEWORK_HEADER = YES;
				CLANG_WARN_RANGE_LOOP_ANALYSIS = YES;
				CLANG_WARN_STRICT_PROTOTYPES = YES;
				CLANG_WARN_SUSPICIOUS_MOVE = YES;
				CLANG_WARN_UNGUARDED_AVAILABILITY = YES_AGGRESSIVE;
				CLANG_WARN_UNREACHABLE_CODE = YES;
				CLANG_WARN__DUPLICATE_METHOD_MATCH = YES;
				CODE_SIGN_STYLE = Automatic;
				COPY_PHASE_STRIP = NO;
				CURRENT_PROJECT_VERSION = 1;
				DEVELOPMENT_TEAM = 8JL9TM5WLG;
				ENABLE_HARDENED_RUNTIME = YES;
				ENABLE_STRICT_OBJC_MSGSEND = YES;
				GCC_C_LANGUAGE_STANDARD = gnu11;
				GCC_DYNAMIC_NO_PIC = NO;
				GCC_NO_COMMON_BLOCKS = YES;
				GCC_PREPROCESSOR_DEFINITIONS = (
					"$(inherited)",
					"DEBUG=1",
				);
				GCC_WARN_64_TO_32_BIT_CONVERSION = YES;
				GCC_WARN_ABOUT_RETURN_TYPE = YES_ERROR;
				GCC_WARN_UNDECLARED_SELECTOR = YES;
				GCC_WARN_UNINITIALIZED_AUTOS = YES_AGGRESSIVE;
				GCC_WARN_UNUSED_FUNCTION = YES;
				GCC_WARN_UNUSED_VARIABLE = YES;
				MACOSX_DEPLOYMENT_TARGET = 14.0;
				MARKETING_VERSION = 1.4.1;
				MTL_ENABLE_DEBUG_INFO = INCLUDE_SOURCE;
				MTL_FAST_MATH = YES;
				ONLY_ACTIVE_ARCH = YES;
				PRODUCT_NAME = "$(TARGET_NAME)";
				SDKROOT = macosx;
				SWIFT_ACTIVE_COMPILATION_CONDITIONS = DEBUG;
				SWIFT_VERSION = 5.0;
			};
			name = Debug;
		};
		D99552FE7E71164256D164DD /* Debug */ = {
			isa = XCBuildConfiguration;
			buildSettings = {
				ASSETCATALOG_COMPILER_APPICON_NAME = AppIcon;
				CODE_SIGN_ENTITLEMENTS = Diduny/Resources/Diduny.entitlements;
				COMBINE_HIDPI_IMAGES = YES;
				INFOPLIST_FILE = Diduny/Resources/Info.plist;
				LD_RUNPATH_SEARCH_PATHS = (
					"@executable_path/../Frameworks",
				);
				PRODUCT_BUNDLE_IDENTIFIER = ua.com.rmarinsky.diduny.dev;
				PRODUCT_NAME = "Diduny DEV";
				SDKROOT = macosx;
				SWIFT_ACTIVE_COMPILATION_CONDITIONS = "DEV_BUILD DEBUG";
			};
			name = Debug;
		};
/* End XCBuildConfiguration section */

/* Begin XCConfigurationList section */
		286E02FDAF8F614DBF9A5566 /* Build configuration list for PBXProject "Diduny" */ = {
			isa = XCConfigurationList;
			buildConfigurations = (
				D798173A6EE5637EB45A132B /* Debug */,
				CB09A9AB4CA14E28C1618458 /* Release */,
				2F2A33D2A7ECF1597458760E /* Test */,
			);
			defaultConfigurationIsVisible = 0;
			defaultConfigurationName = Debug;
		};
		70907262259AC93E1C1D4E30 /* Build configuration list for PBXNativeTarget "Diduny" */ = {
			isa = XCConfigurationList;
			buildConfigurations = (
				D99552FE7E71164256D164DD /* Debug */,
				49EFAF80F606F04699A86106 /* Release */,
				1597D7475480E90CED87DC89 /* Test */,
			);
			defaultConfigurationIsVisible = 0;
			defaultConfigurationName = Debug;
		};
/* End XCConfigurationList section */

/* Begin XCRemoteSwiftPackageReference section */
		44A6802ED268E042B3E340B9 /* XCRemoteSwiftPackageReference "KeyboardShortcuts" */ = {
			isa = XCRemoteSwiftPackageReference;
			repositoryURL = "https://github.com/sindresorhus/KeyboardShortcuts";
			requirement = {
				kind = upToNextMajorVersion;
				minimumVersion = 2.0.0;
			};
		};
		EEB3C042DE7A825E199A8D2F /* XCRemoteSwiftPackageReference "DynamicNotchKit" */ = {
			isa = XCRemoteSwiftPackageReference;
			repositoryURL = "https://github.com/MrKai77/DynamicNotchKit";
			requirement = {
				kind = upToNextMajorVersion;
				minimumVersion = 1.0.0;
			};
		};
		1A2B3C4D5E6F7890ABCDEF03 /* XCRemoteSwiftPackageReference "LaunchAtLogin-Modern" */ = {
			isa = XCRemoteSwiftPackageReference;
			repositoryURL = "https://github.com/sindresorhus/LaunchAtLogin-Modern";
			requirement = {
				kind = upToNextMajorVersion;
				minimumVersion = 1.0.0;
			};
		};
/* End XCRemoteSwiftPackageReference section */

/* Begin XCSwiftPackageProductDependency section */
		2E72BE3A05C906A8B16DBE4E /* KeyboardShortcuts */ = {
			isa = XCSwiftPackageProductDependency;
			package = 44A6802ED268E042B3E340B9 /* XCRemoteSwiftPackageReference "KeyboardShortcuts" */;
			productName = KeyboardShortcuts;
		};
		B431F17EA826367ED3C4D989 /* DynamicNotchKit */ = {
			isa = XCSwiftPackageProductDependency;
			package = EEB3C042DE7A825E199A8D2F /* XCRemoteSwiftPackageReference "DynamicNotchKit" */;
			productName = DynamicNotchKit;
		};
		1A2B3C4D5E6F7890ABCDEF02 /* LaunchAtLogin */ = {
			isa = XCSwiftPackageProductDependency;
			package = 1A2B3C4D5E6F7890ABCDEF03 /* XCRemoteSwiftPackageReference "LaunchAtLogin-Modern" */;
			productName = LaunchAtLogin;
		};
/* End XCSwiftPackageProductDependency section */
	};
	rootObject = C2A45244C917AF2A13FB1A1E /* Project object */;
}
