// !$*UTF8*$!
{
	archiveVersion = 1;
	classes = {
	};
	objectVersion = 77;
	objects = {

/* Begin PBXBuildFile section */
		03EBBAC2178925692C5B0F28 /* OnboardingManager.swift in Sources */ = {isa = PBXBuildFile; fileRef = 1A7E2F21047194B8A5423BF5 /* OnboardingManager.swift */; };
		0B16463025082AB0F9EF90A5 /* LiveTranscriptView.swift in Sources */ = {isa = PBXBuildFile; fileRef = 54C08AEA7B3D9495385E0990 /* LiveTranscriptView.swift */; };
		0FFD1A4567A90C61047FD763 /* SettingsStorage.swift in Sources */ = {isa = PBXBuildFile; fileRef = F91E893AF3E6C20B492D3CB7 /* SettingsStorage.swift */; };
		107FDBF081DEEF30BD2A922D /* Assets.xcassets in Resources */ = {isa = PBXBuildFile; fileRef = F0D8B455676B571AEC778E72 /* Assets.xcassets */; };
		1CBA3DB7D76838DB69D9DDDE /* RecordingsLibraryWindowController.swift in Sources */ = {isa = PBXBuildFile; fileRef = FDED8DC543F3EEDBCAC5A5D7 /* RecordingsLibraryWindowController.swift */; };
		214683A40F227DDAE1D64C8B /* OnboardingComponents.swift in Sources */ = {isa = PBXBuildFile; fileRef = A5A6F95E2FA37D325086B2BC /* OnboardingComponents.swift */; };
		22F85E040AEC97503AF68835 /* OnboardingContainerView.swift in Sources */ = {isa = PBXBuildFile; fileRef = 1967633DAD0607B3B2756CC8 /* OnboardingContainerView.swift */; };
		247C7BD6AD352D40A40CCFD0 /* DynamicNotchKit in Frameworks */ = {isa = PBXBuildFile; productRef = B431F17EA826367ED3C4D989 /* DynamicNotchKit */; };
		2EF13108B3414D04405FD360 /* Accelerate.framework in Frameworks */ = {isa = PBXBuildFile; fileRef = AF8E52BB2FE2DF4133F56731 /* Accelerate.framework */; };
		311D90B9A30E9B26801F5AF0 /* TranscriptionSettingsView.swift in Sources */ = {isa = PBXBuildFile; fileRef = FF164EEFAB5F8E6B6069C1D4 /* TranscriptionSettingsView.swift */; };
		3230AC685182CD2F888DF3BC /* MeetingAudioSource.swift in Sources */ = {isa = PBXBuildFile; fileRef = 3193B0160E38FA4135969F79 /* MeetingAudioSource.swift */; };
		37B4946599B2FDB08DEB48E7 /* DidunyApp.swift in Sources */ = {isa = PBXBuildFile; fileRef = BDE5770AB5E9601E0DB6B878 /* DidunyApp.swift */; };
		3857104F9A2310C3DA6E8290 /* PermissionManager.swift in Sources */ = {isa = PBXBuildFile; fileRef = 924F66A90537891F57F1CF0D /* PermissionManager.swift */; };
		3FDACDAE1B8CF7A54595BE9D /* AudioPlaybackService.swift in Sources */ = {isa = PBXBuildFile; fileRef = 39F37FBC8AD6C2935F89C66D /* AudioPlaybackService.swift */; };
		438C177832C516A8BD571C36 /* WhisperModelManager.swift in Sources */ = {isa = PBXBuildFile; fileRef = A71FCAF64D600F8EFA8B20A2 /* WhisperModelManager.swift */; };
		4845580D664C6BE034CF6835 /* MeetingChapter.swift in Sources */ = {isa = PBXBuildFile; fileRef = 09A53A5FD4196FA12DF76141 /* MeetingChapter.swift */; };
		48D234DA0A725C503B5DEA75 /* HistoryPaletteView.swift in Sources */ = {isa = PBXBuildFile; fileRef = EED41A85ABE10582EF485F5D /* HistoryPaletteView.swift */; };
		497E932204DB8D119B40EAA5 /* PushToTalkService.swift in Sources */ = {isa = PBXBuildFile; fileRef = 4CDE81820CACD577C91281C9 /* PushToTalkService.swift */; };
		4A3450320A622E433A5E4907 /* Logger.swift in Sources */ = {isa = PBXBuildFile; fileRef = AB584F0BDA9252D1D71CE50D /* Logger.swift */; };
		4EB7E17EB03BFF9E631E38A9 /* KeychainManager.swift in Sources */ = {isa = PBXBuildFile; fileRef = 2430641841403AB68C61B536 /* KeychainManager.swift */; };
		5007F0585DD384082AB30B8F /* AppDelegate+TranslationRecording.swift in Sources */ = {isa = PBXBuildFile; fileRef = 01E272A8E12D4EEF5D724E91 /* AppDelegate+TranslationRecording.swift */; };
		50CD068CB639D75D27C09787 /* TranscriptionWindowController.swift in Sources */ = {isa = PBXBuildFile; fileRef = 8E688172624B1B937A789D9E /* TranscriptionWindowController.swift */; };
		5453778FD073ED02C9FE02E8 /* AppDelegate+Recording.swift in Sources */ = {isa = PBXBuildFile; fileRef = 3E35E1F13A5F9761C79FB488 /* AppDelegate+Recording.swift */; };
		54E00016D9E3D0F28EB73B41 /* AppDelegate+MeetingTranslationRecording.swift in Sources */ = {isa = PBXBuildFile; fileRef = 1999FC4728C79F46A514A1E4 /* AppDelegate+MeetingTranslationRecording.swift */; };
		55F5847B980E76CCAA1B8E0B /* SonioxTranscriptionService.swift in Sources */ = {isa = PBXBuildFile; fileRef = 7161DC20C0C0DCEF504F0E74 /* SonioxTranscriptionService.swift */; };
		56700AFF9E4935DDDDA72D7D /* MeetingRecorderService.swift in Sources */ = {isa = PBXBuildFile; fileRef = FE81A3506184A31D459CC1DA /* MeetingRecorderService.swift */; };
		572B04F3977C5BF9A6001B21 /* RecordingDetailView.swift in Sources */ = {isa = PBXBuildFile; fileRef = 741CC380B9BFEAA01C4EC5E4 /* RecordingDetailView.swift */; };
		5C38E65B15A426A3B51A9EEB /* whisper.xcframework in Frameworks */ = {isa = PBXBuildFile; fileRef = FF35CE111AABBE5F2797242F /* whisper.xcframework */; };
		62EBB796CFA5A63DB61BA0B6 /* WhisperContext.swift in Sources */ = {isa = PBXBuildFile; fileRef = 3F9F609481B3D9169BF4B1E8 /* WhisperContext.swift */; };
		68C77BCC16612948D631CA3D /* AmbientListeningService.swift in Sources */ = {isa = PBXBuildFile; fileRef = BDD1D7CA591011FA6EC2D75C /* AmbientListeningService.swift */; };
		6E95C33622E89CBD05C763D5 /* EscapeCancelService.swift in Sources */ = {isa = PBXBuildFile; fileRef = 8A2A0045FAC17572590BE16F /* EscapeCancelService.swift */; };
		733D324CBB0ADB12B3780BF8 /* WhisperTranscriptionService.swift in Sources */ = {isa = PBXBuildFile; fileRef = F6206FCF30AD9AFE3530CB50 /* WhisperTranscriptionService.swift */; };
		78E2E9B4903AA5A8A50AA6FC /* AppDelegate+Hotkeys.swift in Sources */ = {isa = PBXBuildFile; fileRef = 7D2CC58C907B4985941DCDA9 /* AppDelegate+Hotkeys.swift */; };
		7E2725D4B5424D54367BCC82 /* WhisperError.swift in Sources */ = {isa = PBXBuildFile; fileRef = F06909181E0B9AD3B70E57E3 /* WhisperError.swift */; };
		8089B2EF55ADCDC2F120C765 /* LaunchAtLogin in Frameworks */ = {isa = PBXBuildFile; productRef = 57D44526E8ECA54C87677F5B /* LaunchAtLogin */; };
		86207F57859F544F066B0140 /* PushToTalkKey.swift in Sources */ = {isa = PBXBuildFile; fileRef = 67216EAEE79FD497A77BD7D6 /* PushToTalkKey.swift */; };
		8864F470B8EFDFF965ABAA76 /* SupportedLanguage.swift in Sources */ = {isa = PBXBuildFile; fileRef = 459DCE179DA235DE6208C013 /* SupportedLanguage.swift */; };
		8CAA1C227A9788C6A9687E7D /* NotchContentView.swift in Sources */ = {isa = PBXBuildFile; fileRef = 622FD84CF56FC17420114B9C /* NotchContentView.swift */; };
		8E61D4628397B11E5BCEE03D /* SystemAudioCaptureService.swift in Sources */ = {isa = PBXBuildFile; fileRef = 70DDD786E73A1532AE91FC20 /* SystemAudioCaptureService.swift */; };
		8F7F926DB1CF87A2F8800B51 /* AudioSettingsView.swift in Sources */ = {isa = PBXBuildFile; fileRef = D052DF5E0E01BC0AD2742150 /* AudioSettingsView.swift */; };
		8FA6B8A6240D6AE7AEA1754C /* RealtimeTranscription.swift in Sources */ = {isa = PBXBuildFile; fileRef = 158C39D9362442B65F2948C6 /* RealtimeTranscription.swift */; };
		948ADBEBD5ED5D02955F7E28 /* AudioRecorderService.swift in Sources */ = {isa = PBXBuildFile; fileRef = 6BBD93A73F0292748E989CA5 /* AudioRecorderService.swift */; };
		9876807751B2F948878C2BDF /* NotchManager.swift in Sources */ = {isa = PBXBuildFile; fileRef = 38BE9CBB73A253BFF5530CBD /* NotchManager.swift */; };
		9FD5B6627D4A5BE503A607FF /* AppState.swift in Sources */ = {isa = PBXBuildFile; fileRef = 91E1CBBAFEDD499C3BD8C811 /* AppState.swift */; };
		A09E73F9CCF5D1023A1E3D2F /* AppDelegate.swift in Sources */ = {isa = PBXBuildFile; fileRef = 52166362DE73BAC6891FA206 /* AppDelegate.swift */; };
		AA8C95710FD8D22B9FF8242A /* AudioMixerService.swift in Sources */ = {isa = PBXBuildFile; fileRef = DE04DF44C896CD368ED16901 /* AudioMixerService.swift */; };
		B11EF2458AEAF401E1A03FD2 /* HistoryPaletteWindowController.swift in Sources */ = {isa = PBXBuildFile; fileRef = 9357A98372102BF3B285A2AD /* HistoryPaletteWindowController.swift */; };
		C24B6F611448AF8CAD8E3DB9 /* MeetingSettingsView.swift in Sources */ = {isa = PBXBuildFile; fileRef = BA64DC6EAB5D1FB38CF7F517 /* MeetingSettingsView.swift */; };
		C2F04DD9EDC031204976F3FF /* SonioxRealtimeService.swift in Sources */ = {isa = PBXBuildFile; fileRef = 7D5DFBEBA0FC413BDC21DC9F /* SonioxRealtimeService.swift */; };
		C5FA530A98A4A76DD9DEA952 /* AppDelegate+MeetingRecording.swift in Sources */ = {isa = PBXBuildFile; fileRef = 18174CC5740A330799589646 /* AppDelegate+MeetingRecording.swift */; };
		C6297FB1BED3D932E43C6C7E /* ClipboardService.swift in Sources */ = {isa = PBXBuildFile; fileRef = 459B59FAABA91EB9AD4EB4EF /* ClipboardService.swift */; };
		C7A8368E38269D419E0C0832 /* SettingsView.swift in Sources */ = {isa = PBXBuildFile; fileRef = 0E8F66106EF94ABC7EDE8870 /* SettingsView.swift */; };
		C8BEA1A38683AA8F1AA4D84E /* AudioDeviceManager.swift in Sources */ = {isa = PBXBuildFile; fileRef = 8D1A1D461E4C3229A9A8A486 /* AudioDeviceManager.swift */; };
		C8F29AF8B551E388C4C6F2A0 /* AudioConverter.swift in Sources */ = {isa = PBXBuildFile; fileRef = 37F0D303A220D46E8D6F7A57 /* AudioConverter.swift */; };
		CAA3AF319715F9DD611CCC8B /* PermissionsSettingsView.swift in Sources */ = {isa = PBXBuildFile; fileRef = 52C8A25D3FCD6DE742A1274E /* PermissionsSettingsView.swift */; };
		CC8A0AB7ADA44B998EC3E45D /* ServiceProtocols.swift in Sources */ = {isa = PBXBuildFile; fileRef = 26809CA162E096F4EA668768 /* ServiceProtocols.swift */; };
		D52AFEB3B25B529860D14116 /* AudioDevice.swift in Sources */ = {isa = PBXBuildFile; fileRef = 118CE8BCA0160E31FD916B10 /* AudioDevice.swift */; };
		D6203B3BADF3AA7E40186F11 /* HotkeyService.swift in Sources */ = {isa = PBXBuildFile; fileRef = 0491E26240E167BDB5DCACEE /* HotkeyService.swift */; };
		D88F0858310A14339ADE4178 /* Metal.framework in Frameworks */ = {isa = PBXBuildFile; fileRef = E4ECCACC4D64216B39204947 /* Metal.framework */; };
		DB3964EFB7C60E392C41A920 /* MenuBarIconView.swift in Sources */ = {isa = PBXBuildFile; fileRef = 0B43D2844894F848F20BFDEB /* MenuBarIconView.swift */; };
		DC1445338179F12A14662B34 /* AboutSettingsView.swift in Sources */ = {isa = PBXBuildFile; fileRef = 86F4203EEA094B3353F01444 /* AboutSettingsView.swift */; };
		DDA86150D6B671266D004BEE /* LiveTranscriptStore.swift in Sources */ = {isa = PBXBuildFile; fileRef = BED4AC73DF15E8FB1B784BE2 /* LiveTranscriptStore.swift */; };
		DEE6BFC7FC33767EDB94BFDE /* RecoveryStateManager.swift in Sources */ = {isa = PBXBuildFile; fileRef = E2133D27EF1A261954A78BEB /* RecoveryStateManager.swift */; };
		DFE3D7FFABE00254D2B2F164 /* RecordingQueueService.swift in Sources */ = {isa = PBXBuildFile; fileRef = E819431AE3C66AA9B422954A /* RecordingQueueService.swift */; };
		E2A1278EF4D20EC10319BBF4 /* Recording.swift in Sources */ = {isa = PBXBuildFile; fileRef = B5D4FC33778F42CC48FF44C5 /* Recording.swift */; };
		E4DA7F7432AC5A880F8D5CE8 /* GeneralSettingsView.swift in Sources */ = {isa = PBXBuildFile; fileRef = B850C5D55AE7652A88CE36F5 /* GeneralSettingsView.swift */; };
		E52ED7C098FF6FA9C0554C28 /* RecordingsLibraryStorage.swift in Sources */ = {isa = PBXBuildFile; fileRef = 865E86F8079EAE7A9BFB178E /* RecordingsLibraryStorage.swift */; };
		E5A43EA1048E2701A2B0498B /* RecordingRowView.swift in Sources */ = {isa = PBXBuildFile; fileRef = 30A4F862A41E4EC48E5CAEFB /* RecordingRowView.swift */; };
		E6C0A2BB2B96403F5AD765B3 /* KeyboardShortcuts in Frameworks */ = {isa = PBXBuildFile; productRef = 2E72BE3A05C906A8B16DBE4E /* KeyboardShortcuts */; };
		E8268E59FC06679FC0BABA3D /* RecordingsLibraryView.swift in Sources */ = {isa = PBXBuildFile; fileRef = B2217BBA473011B6506284B3 /* RecordingsLibraryView.swift */; };
		EBD6CE2EED71E6F9BC63E53E /* MenuBarContentView.swift in Sources */ = {isa = PBXBuildFile; fileRef = 06C864D23789DFC70C7FE0D3 /* MenuBarContentView.swift */; };
		F293480FBFF36536227A5878 /* TranscriptionProvider.swift in Sources */ = {isa = PBXBuildFile; fileRef = FF5B2157378ABF82C5B80572 /* TranscriptionProvider.swift */; };
		F6597F7A3262A493D769B85B /* Errors.swift in Sources */ = {isa = PBXBuildFile; fileRef = BECAEC93BAEBC7FB0CE79126 /* Errors.swift */; };
		F9204E8BCBCCA977B096A3D2 /* AudioPlaybackControlView.swift in Sources */ = {isa = PBXBuildFile; fileRef = 2C88AE153FCAA14A227A7E16 /* AudioPlaybackControlView.swift */; };
/* End PBXBuildFile section */

/* Begin PBXFileReference section */
		01E272A8E12D4EEF5D724E91 /* AppDelegate+TranslationRecording.swift */ = {isa = PBXFileReference; lastKnownFileType = sourcecode.swift; path = "AppDelegate+TranslationRecording.swift"; sourceTree = "<group>"; };
		0491E26240E167BDB5DCACEE /* HotkeyService.swift */ = {isa = PBXFileReference; lastKnownFileType = sourcecode.swift; path = HotkeyService.swift; sourceTree = "<group>"; };
		06C864D23789DFC70C7FE0D3 /* MenuBarContentView.swift */ = {isa = PBXFileReference; lastKnownFileType = sourcecode.swift; path = MenuBarContentView.swift; sourceTree = "<group>"; };
		09A53A5FD4196FA12DF76141 /* MeetingChapter.swift */ = {isa = PBXFileReference; lastKnownFileType = sourcecode.swift; path = MeetingChapter.swift; sourceTree = "<group>"; };
		0B43D2844894F848F20BFDEB /* MenuBarIconView.swift */ = {isa = PBXFileReference; lastKnownFileType = sourcecode.swift; path = MenuBarIconView.swift; sourceTree = "<group>"; };
		0C49EEDF9A5AEED5B941A6AF /* Test.xcconfig */ = {isa = PBXFileReference; lastKnownFileType = text.xcconfig; path = Test.xcconfig; sourceTree = "<group>"; };
		0E8F66106EF94ABC7EDE8870 /* SettingsView.swift */ = {isa = PBXFileReference; lastKnownFileType = sourcecode.swift; path = SettingsView.swift; sourceTree = "<group>"; };
		118CE8BCA0160E31FD916B10 /* AudioDevice.swift */ = {isa = PBXFileReference; lastKnownFileType = sourcecode.swift; path = AudioDevice.swift; sourceTree = "<group>"; };
		158C39D9362442B65F2948C6 /* RealtimeTranscription.swift */ = {isa = PBXFileReference; lastKnownFileType = sourcecode.swift; path = RealtimeTranscription.swift; sourceTree = "<group>"; };
		18174CC5740A330799589646 /* AppDelegate+MeetingRecording.swift */ = {isa = PBXFileReference; lastKnownFileType = sourcecode.swift; path = "AppDelegate+MeetingRecording.swift"; sourceTree = "<group>"; };
		1967633DAD0607B3B2756CC8 /* OnboardingContainerView.swift */ = {isa = PBXFileReference; lastKnownFileType = sourcecode.swift; path = OnboardingContainerView.swift; sourceTree = "<group>"; };
		1999FC4728C79F46A514A1E4 /* AppDelegate+MeetingTranslationRecording.swift */ = {isa = PBXFileReference; lastKnownFileType = sourcecode.swift; path = "AppDelegate+MeetingTranslationRecording.swift"; sourceTree = "<group>"; };
		1A7E2F21047194B8A5423BF5 /* OnboardingManager.swift */ = {isa = PBXFileReference; lastKnownFileType = sourcecode.swift; path = OnboardingManager.swift; sourceTree = "<group>"; };
		2430641841403AB68C61B536 /* KeychainManager.swift */ = {isa = PBXFileReference; lastKnownFileType = sourcecode.swift; path = KeychainManager.swift; sourceTree = "<group>"; };
		26809CA162E096F4EA668768 /* ServiceProtocols.swift */ = {isa = PBXFileReference; lastKnownFileType = sourcecode.swift; path = ServiceProtocols.swift; sourceTree = "<group>"; };
		2A69C86E608DDD0D38D8AB54 /* WhisperBridge.h */ = {isa = PBXFileReference; lastKnownFileType = sourcecode.c.h; path = WhisperBridge.h; sourceTree = "<group>"; };
		2C88AE153FCAA14A227A7E16 /* AudioPlaybackControlView.swift */ = {isa = PBXFileReference; lastKnownFileType = sourcecode.swift; path = AudioPlaybackControlView.swift; sourceTree = "<group>"; };
		30A4F862A41E4EC48E5CAEFB /* RecordingRowView.swift */ = {isa = PBXFileReference; lastKnownFileType = sourcecode.swift; path = RecordingRowView.swift; sourceTree = "<group>"; };
		3193B0160E38FA4135969F79 /* MeetingAudioSource.swift */ = {isa = PBXFileReference; lastKnownFileType = sourcecode.swift; path = MeetingAudioSource.swift; sourceTree = "<group>"; };
		37F0D303A220D46E8D6F7A57 /* AudioConverter.swift */ = {isa = PBXFileReference; lastKnownFileType = sourcecode.swift; path = AudioConverter.swift; sourceTree = "<group>"; };
		38BE9CBB73A253BFF5530CBD /* NotchManager.swift */ = {isa = PBXFileReference; lastKnownFileType = sourcecode.swift; path = NotchManager.swift; sourceTree = "<group>"; };
		39F37FBC8AD6C2935F89C66D /* AudioPlaybackService.swift */ = {isa = PBXFileReference; lastKnownFileType = sourcecode.swift; path = AudioPlaybackService.swift; sourceTree = "<group>"; };
		3E35E1F13A5F9761C79FB488 /* AppDelegate+Recording.swift */ = {isa = PBXFileReference; lastKnownFileType = sourcecode.swift; path = "AppDelegate+Recording.swift"; sourceTree = "<group>"; };
		3F9F609481B3D9169BF4B1E8 /* WhisperContext.swift */ = {isa = PBXFileReference; lastKnownFileType = sourcecode.swift; path = WhisperContext.swift; sourceTree = "<group>"; };
		459B59FAABA91EB9AD4EB4EF /* ClipboardService.swift */ = {isa = PBXFileReference; lastKnownFileType = sourcecode.swift; path = ClipboardService.swift; sourceTree = "<group>"; };
		459DCE179DA235DE6208C013 /* SupportedLanguage.swift */ = {isa = PBXFileReference; lastKnownFileType = sourcecode.swift; path = SupportedLanguage.swift; sourceTree = "<group>"; };
		4C5A21F6255692712508A475 /* Diduny.app */ = {isa = PBXFileReference; explicitFileType = wrapper.application; includeInIndex = 0; path = Diduny.app; sourceTree = BUILT_PRODUCTS_DIR; };
		4CDE81820CACD577C91281C9 /* PushToTalkService.swift */ = {isa = PBXFileReference; lastKnownFileType = sourcecode.swift; path = PushToTalkService.swift; sourceTree = "<group>"; };
		52166362DE73BAC6891FA206 /* AppDelegate.swift */ = {isa = PBXFileReference; lastKnownFileType = sourcecode.swift; path = AppDelegate.swift; sourceTree = "<group>"; };
		52C8A25D3FCD6DE742A1274E /* PermissionsSettingsView.swift */ = {isa = PBXFileReference; lastKnownFileType = sourcecode.swift; path = PermissionsSettingsView.swift; sourceTree = "<group>"; };
		54C08AEA7B3D9495385E0990 /* LiveTranscriptView.swift */ = {isa = PBXFileReference; lastKnownFileType = sourcecode.swift; path = LiveTranscriptView.swift; sourceTree = "<group>"; };
		622FD84CF56FC17420114B9C /* NotchContentView.swift */ = {isa = PBXFileReference; lastKnownFileType = sourcecode.swift; path = NotchContentView.swift; sourceTree = "<group>"; };
		67216EAEE79FD497A77BD7D6 /* PushToTalkKey.swift */ = {isa = PBXFileReference; lastKnownFileType = sourcecode.swift; path = PushToTalkKey.swift; sourceTree = "<group>"; };
		6BBD93A73F0292748E989CA5 /* AudioRecorderService.swift */ = {isa = PBXFileReference; lastKnownFileType = sourcecode.swift; path = AudioRecorderService.swift; sourceTree = "<group>"; };
		70DDD786E73A1532AE91FC20 /* SystemAudioCaptureService.swift */ = {isa = PBXFileReference; lastKnownFileType = sourcecode.swift; path = SystemAudioCaptureService.swift; sourceTree = "<group>"; };
		7161DC20C0C0DCEF504F0E74 /* SonioxTranscriptionService.swift */ = {isa = PBXFileReference; lastKnownFileType = sourcecode.swift; path = SonioxTranscriptionService.swift; sourceTree = "<group>"; };
		741CC380B9BFEAA01C4EC5E4 /* RecordingDetailView.swift */ = {isa = PBXFileReference; lastKnownFileType = sourcecode.swift; path = RecordingDetailView.swift; sourceTree = "<group>"; };
		7D2CC58C907B4985941DCDA9 /* AppDelegate+Hotkeys.swift */ = {isa = PBXFileReference; lastKnownFileType = sourcecode.swift; path = "AppDelegate+Hotkeys.swift"; sourceTree = "<group>"; };
		7D5DFBEBA0FC413BDC21DC9F /* SonioxRealtimeService.swift */ = {isa = PBXFileReference; lastKnownFileType = sourcecode.swift; path = SonioxRealtimeService.swift; sourceTree = "<group>"; };
		865E86F8079EAE7A9BFB178E /* RecordingsLibraryStorage.swift */ = {isa = PBXFileReference; lastKnownFileType = sourcecode.swift; path = RecordingsLibraryStorage.swift; sourceTree = "<group>"; };
		86F4203EEA094B3353F01444 /* AboutSettingsView.swift */ = {isa = PBXFileReference; lastKnownFileType = sourcecode.swift; path = AboutSettingsView.swift; sourceTree = "<group>"; };
		8A2A0045FAC17572590BE16F /* EscapeCancelService.swift */ = {isa = PBXFileReference; lastKnownFileType = sourcecode.swift; path = EscapeCancelService.swift; sourceTree = "<group>"; };
		8D1A1D461E4C3229A9A8A486 /* AudioDeviceManager.swift */ = {isa = PBXFileReference; lastKnownFileType = sourcecode.swift; path = AudioDeviceManager.swift; sourceTree = "<group>"; };
		8E688172624B1B937A789D9E /* TranscriptionWindowController.swift */ = {isa = PBXFileReference; lastKnownFileType = sourcecode.swift; path = TranscriptionWindowController.swift; sourceTree = "<group>"; };
		91E1CBBAFEDD499C3BD8C811 /* AppState.swift */ = {isa = PBXFileReference; lastKnownFileType = sourcecode.swift; path = AppState.swift; sourceTree = "<group>"; };
		924F66A90537891F57F1CF0D /* PermissionManager.swift */ = {isa = PBXFileReference; lastKnownFileType = sourcecode.swift; path = PermissionManager.swift; sourceTree = "<group>"; };
		9357A98372102BF3B285A2AD /* HistoryPaletteWindowController.swift */ = {isa = PBXFileReference; lastKnownFileType = sourcecode.swift; path = HistoryPaletteWindowController.swift; sourceTree = "<group>"; };
		A5A6F95E2FA37D325086B2BC /* OnboardingComponents.swift */ = {isa = PBXFileReference; lastKnownFileType = sourcecode.swift; path = OnboardingComponents.swift; sourceTree = "<group>"; };
		A71FCAF64D600F8EFA8B20A2 /* WhisperModelManager.swift */ = {isa = PBXFileReference; lastKnownFileType = sourcecode.swift; path = WhisperModelManager.swift; sourceTree = "<group>"; };
		AB584F0BDA9252D1D71CE50D /* Logger.swift */ = {isa = PBXFileReference; lastKnownFileType = sourcecode.swift; path = Logger.swift; sourceTree = "<group>"; };
		AF8E52BB2FE2DF4133F56731 /* Accelerate.framework */ = {isa = PBXFileReference; lastKnownFileType = wrapper.framework; name = Accelerate.framework; path = System/Library/Frameworks/Accelerate.framework; sourceTree = SDKROOT; };
		B2217BBA473011B6506284B3 /* RecordingsLibraryView.swift */ = {isa = PBXFileReference; lastKnownFileType = sourcecode.swift; path = RecordingsLibraryView.swift; sourceTree = "<group>"; };
		B24F14EB2334C11AFF3CDD60 /* Diduny.entitlements */ = {isa = PBXFileReference; lastKnownFileType = text.plist.entitlements; path = Diduny.entitlements; sourceTree = "<group>"; };
		B5D4FC33778F42CC48FF44C5 /* Recording.swift */ = {isa = PBXFileReference; lastKnownFileType = sourcecode.swift; path = Recording.swift; sourceTree = "<group>"; };
		B850C5D55AE7652A88CE36F5 /* GeneralSettingsView.swift */ = {isa = PBXFileReference; lastKnownFileType = sourcecode.swift; path = GeneralSettingsView.swift; sourceTree = "<group>"; };
		BA64DC6EAB5D1FB38CF7F517 /* MeetingSettingsView.swift */ = {isa = PBXFileReference; lastKnownFileType = sourcecode.swift; path = MeetingSettingsView.swift; sourceTree = "<group>"; };
		BDD1D7CA591011FA6EC2D75C /* AmbientListeningService.swift */ = {isa = PBXFileReference; lastKnownFileType = sourcecode.swift; path = AmbientListeningService.swift; sourceTree = "<group>"; };
		BDE5770AB5E9601E0DB6B878 /* DidunyApp.swift */ = {isa = PBXFileReference; lastKnownFileType = sourcecode.swift; path = DidunyApp.swift; sourceTree = "<group>"; };
		BECAEC93BAEBC7FB0CE79126 /* Errors.swift */ = {isa = PBXFileReference; lastKnownFileType = sourcecode.swift; path = Errors.swift; sourceTree = "<group>"; };
		BED4AC73DF15E8FB1B784BE2 /* LiveTranscriptStore.swift */ = {isa = PBXFileReference; lastKnownFileType = sourcecode.swift; path = LiveTranscriptStore.swift; sourceTree = "<group>"; };
		C1AFB9C5F772A874A404885C /* Debug.xcconfig */ = {isa = PBXFileReference; lastKnownFileType = text.xcconfig; path = Debug.xcconfig; sourceTree = "<group>"; };
		D052DF5E0E01BC0AD2742150 /* AudioSettingsView.swift */ = {isa = PBXFileReference; lastKnownFileType = sourcecode.swift; path = AudioSettingsView.swift; sourceTree = "<group>"; };
		DE04DF44C896CD368ED16901 /* AudioMixerService.swift */ = {isa = PBXFileReference; lastKnownFileType = sourcecode.swift; path = AudioMixerService.swift; sourceTree = "<group>"; };
		E2133D27EF1A261954A78BEB /* RecoveryStateManager.swift */ = {isa = PBXFileReference; lastKnownFileType = sourcecode.swift; path = RecoveryStateManager.swift; sourceTree = "<group>"; };
		E4ECCACC4D64216B39204947 /* Metal.framework */ = {isa = PBXFileReference; lastKnownFileType = wrapper.framework; name = Metal.framework; path = System/Library/Frameworks/Metal.framework; sourceTree = SDKROOT; };
		E819431AE3C66AA9B422954A /* RecordingQueueService.swift */ = {isa = PBXFileReference; lastKnownFileType = sourcecode.swift; path = RecordingQueueService.swift; sourceTree = "<group>"; };
		EED41A85ABE10582EF485F5D /* HistoryPaletteView.swift */ = {isa = PBXFileReference; lastKnownFileType = sourcecode.swift; path = HistoryPaletteView.swift; sourceTree = "<group>"; };
		F06909181E0B9AD3B70E57E3 /* WhisperError.swift */ = {isa = PBXFileReference; lastKnownFileType = sourcecode.swift; path = WhisperError.swift; sourceTree = "<group>"; };
		F0D8B455676B571AEC778E72 /* Assets.xcassets */ = {isa = PBXFileReference; lastKnownFileType = folder.assetcatalog; path = Assets.xcassets; sourceTree = "<group>"; };
		F4E5B531DCAD149223A50A75 /* Release.xcconfig */ = {isa = PBXFileReference; lastKnownFileType = text.xcconfig; path = Release.xcconfig; sourceTree = "<group>"; };
		F54AB0D8602B537FB2845507 /* Info.plist */ = {isa = PBXFileReference; lastKnownFileType = text.plist; path = Info.plist; sourceTree = "<group>"; };
		F6206FCF30AD9AFE3530CB50 /* WhisperTranscriptionService.swift */ = {isa = PBXFileReference; lastKnownFileType = sourcecode.swift; path = WhisperTranscriptionService.swift; sourceTree = "<group>"; };
		F91E893AF3E6C20B492D3CB7 /* SettingsStorage.swift */ = {isa = PBXFileReference; lastKnownFileType = sourcecode.swift; path = SettingsStorage.swift; sourceTree = "<group>"; };
		FDED8DC543F3EEDBCAC5A5D7 /* RecordingsLibraryWindowController.swift */ = {isa = PBXFileReference; lastKnownFileType = sourcecode.swift; path = RecordingsLibraryWindowController.swift; sourceTree = "<group>"; };
		FE81A3506184A31D459CC1DA /* MeetingRecorderService.swift */ = {isa = PBXFileReference; lastKnownFileType = sourcecode.swift; path = MeetingRecorderService.swift; sourceTree = "<group>"; };
		FF164EEFAB5F8E6B6069C1D4 /* TranscriptionSettingsView.swift */ = {isa = PBXFileReference; lastKnownFileType = sourcecode.swift; path = TranscriptionSettingsView.swift; sourceTree = "<group>"; };
		FF35CE111AABBE5F2797242F /* whisper.xcframework */ = {isa = PBXFileReference; lastKnownFileType = wrapper.xcframework; name = whisper.xcframework; path = Frameworks/whisper.xcframework; sourceTree = "<group>"; };
		FF5B2157378ABF82C5B80572 /* TranscriptionProvider.swift */ = {isa = PBXFileReference; lastKnownFileType = sourcecode.swift; path = TranscriptionProvider.swift; sourceTree = "<group>"; };
/* End PBXFileReference section */

/* Begin PBXFrameworksBuildPhase section */
		B26474A90B8D0C0AC9DBBCF4 /* Frameworks */ = {
			isa = PBXFrameworksBuildPhase;
			buildActionMask = 2147483647;
			files = (
				E6C0A2BB2B96403F5AD765B3 /* KeyboardShortcuts in Frameworks */,
				247C7BD6AD352D40A40CCFD0 /* DynamicNotchKit in Frameworks */,
				8089B2EF55ADCDC2F120C765 /* LaunchAtLogin in Frameworks */,
				5C38E65B15A426A3B51A9EEB /* whisper.xcframework in Frameworks */,
				2EF13108B3414D04405FD360 /* Accelerate.framework in Frameworks */,
				D88F0858310A14339ADE4178 /* Metal.framework in Frameworks */,
			);
			runOnlyForDeploymentPostprocessing = 0;
		};
/* End PBXFrameworksBuildPhase section */

/* Begin PBXGroup section */
		15D2F8B0F5D1CD8440457521 /* Diduny */ = {
			isa = PBXGroup;
			children = (
				FCFFC7EBEF56DCCDC42E7B9C /* App */,
				ABC7199E67035E3C7302B5AC /* Core */,
				7EEF77831746708EAA22186E /* Features */,
				4463EE8C00F5F0BAAE37C4A4 /* Resources */,
			);
			path = Diduny;
			sourceTree = "<group>";
		};
		166821B9EBE984E0D67F7515 /* Products */ = {
			isa = PBXGroup;
			children = (
				4C5A21F6255692712508A475 /* Diduny.app */,
			);
			name = Products;
			sourceTree = "<group>";
		};
		1D2A9DD81BDB6D428A219153 /* Notch */ = {
			isa = PBXGroup;
			children = (
				622FD84CF56FC17420114B9C /* NotchContentView.swift */,
				38BE9CBB73A253BFF5530CBD /* NotchManager.swift */,
			);
			path = Notch;
			sourceTree = "<group>";
		};
		1FD5AFC9EA02A0334CB2B377 /* Whisper */ = {
			isa = PBXGroup;
			children = (
				37F0D303A220D46E8D6F7A57 /* AudioConverter.swift */,
				2A69C86E608DDD0D38D8AB54 /* WhisperBridge.h */,
				3F9F609481B3D9169BF4B1E8 /* WhisperContext.swift */,
				A71FCAF64D600F8EFA8B20A2 /* WhisperModelManager.swift */,
			);
			path = Whisper;
			sourceTree = "<group>";
		};
		24CE2F228CAA8E6C664796F8 /* Onboarding */ = {
			isa = PBXGroup;
			children = (
				A5A6F95E2FA37D325086B2BC /* OnboardingComponents.swift */,
				1967633DAD0607B3B2756CC8 /* OnboardingContainerView.swift */,
				1A7E2F21047194B8A5423BF5 /* OnboardingManager.swift */,
			);
			path = Onboarding;
			sourceTree = "<group>";
		};
		26025DF9FC1F88D47FBD32E3 /* Transcription */ = {
			isa = PBXGroup;
			children = (
				54C08AEA7B3D9495385E0990 /* LiveTranscriptView.swift */,
				8E688172624B1B937A789D9E /* TranscriptionWindowController.swift */,
			);
			path = Transcription;
			sourceTree = "<group>";
		};
		3C2D0D3FFD55601BC3148762 /* Models */ = {
			isa = PBXGroup;
			children = (
				118CE8BCA0160E31FD916B10 /* AudioDevice.swift */,
				BECAEC93BAEBC7FB0CE79126 /* Errors.swift */,
				BED4AC73DF15E8FB1B784BE2 /* LiveTranscriptStore.swift */,
				3193B0160E38FA4135969F79 /* MeetingAudioSource.swift */,
				09A53A5FD4196FA12DF76141 /* MeetingChapter.swift */,
				67216EAEE79FD497A77BD7D6 /* PushToTalkKey.swift */,
				158C39D9362442B65F2948C6 /* RealtimeTranscription.swift */,
				B5D4FC33778F42CC48FF44C5 /* Recording.swift */,
				459DCE179DA235DE6208C013 /* SupportedLanguage.swift */,
				FF5B2157378ABF82C5B80572 /* TranscriptionProvider.swift */,
				F06909181E0B9AD3B70E57E3 /* WhisperError.swift */,
			);
			path = Models;
			sourceTree = "<group>";
		};
		4463EE8C00F5F0BAAE37C4A4 /* Resources */ = {
			isa = PBXGroup;
			children = (
				F0D8B455676B571AEC778E72 /* Assets.xcassets */,
				B24F14EB2334C11AFF3CDD60 /* Diduny.entitlements */,
				F54AB0D8602B537FB2845507 /* Info.plist */,
			);
			path = Resources;
			sourceTree = "<group>";
		};
		4E9257208A1E961F03A1A487 /* Services */ = {
			isa = PBXGroup;
			children = (
				BDD1D7CA591011FA6EC2D75C /* AmbientListeningService.swift */,
				8D1A1D461E4C3229A9A8A486 /* AudioDeviceManager.swift */,
				DE04DF44C896CD368ED16901 /* AudioMixerService.swift */,
				39F37FBC8AD6C2935F89C66D /* AudioPlaybackService.swift */,
				6BBD93A73F0292748E989CA5 /* AudioRecorderService.swift */,
				459B59FAABA91EB9AD4EB4EF /* ClipboardService.swift */,
				8A2A0045FAC17572590BE16F /* EscapeCancelService.swift */,
				0491E26240E167BDB5DCACEE /* HotkeyService.swift */,
				FE81A3506184A31D459CC1DA /* MeetingRecorderService.swift */,
				4CDE81820CACD577C91281C9 /* PushToTalkService.swift */,
				E819431AE3C66AA9B422954A /* RecordingQueueService.swift */,
				7D5DFBEBA0FC413BDC21DC9F /* SonioxRealtimeService.swift */,
				7161DC20C0C0DCEF504F0E74 /* SonioxTranscriptionService.swift */,
				70DDD786E73A1532AE91FC20 /* SystemAudioCaptureService.swift */,
				F6206FCF30AD9AFE3530CB50 /* WhisperTranscriptionService.swift */,
			);
			path = Services;
			sourceTree = "<group>";
		};
		6C36C552190EC6F27298225F /* MenuBar */ = {
			isa = PBXGroup;
			children = (
				06C864D23789DFC70C7FE0D3 /* MenuBarContentView.swift */,
				0B43D2844894F848F20BFDEB /* MenuBarIconView.swift */,
			);
			path = MenuBar;
			sourceTree = "<group>";
		};
		7C901722A852B7E4295355DA /* Protocols */ = {
			isa = PBXGroup;
			children = (
				26809CA162E096F4EA668768 /* ServiceProtocols.swift */,
			);
			path = Protocols;
			sourceTree = "<group>";
		};
		7EEF77831746708EAA22186E /* Features */ = {
			isa = PBXGroup;
			children = (
				CB6A45DDD91116CF743B7691 /* HistoryPalette */,
				6C36C552190EC6F27298225F /* MenuBar */,
				1D2A9DD81BDB6D428A219153 /* Notch */,
				24CE2F228CAA8E6C664796F8 /* Onboarding */,
				9DDE6C7594E6F4CA5171F56A /* RecordingsLibrary */,
				8F1DB771BE47D76906F11C84 /* Settings */,
				26025DF9FC1F88D47FBD32E3 /* Transcription */,
			);
			path = Features;
			sourceTree = "<group>";
		};
		86A4C8BEC7F50A0F4206230C /* Utilities */ = {
			isa = PBXGroup;
			children = (
				AB584F0BDA9252D1D71CE50D /* Logger.swift */,
			);
			path = Utilities;
			sourceTree = "<group>";
		};
		8F1DB771BE47D76906F11C84 /* Settings */ = {
			isa = PBXGroup;
			children = (
				86F4203EEA094B3353F01444 /* AboutSettingsView.swift */,
				D052DF5E0E01BC0AD2742150 /* AudioSettingsView.swift */,
				B850C5D55AE7652A88CE36F5 /* GeneralSettingsView.swift */,
				BA64DC6EAB5D1FB38CF7F517 /* MeetingSettingsView.swift */,
				0E8F66106EF94ABC7EDE8870 /* SettingsView.swift */,
				FF164EEFAB5F8E6B6069C1D4 /* TranscriptionSettingsView.swift */,
			);
			path = Settings;
			sourceTree = "<group>";
		};
		9383F20E88F2F41999886C12 /* Storage */ = {
			isa = PBXGroup;
			children = (
				2430641841403AB68C61B536 /* KeychainManager.swift */,
				924F66A90537891F57F1CF0D /* PermissionManager.swift */,
				52C8A25D3FCD6DE742A1274E /* PermissionsSettingsView.swift */,
				865E86F8079EAE7A9BFB178E /* RecordingsLibraryStorage.swift */,
				E2133D27EF1A261954A78BEB /* RecoveryStateManager.swift */,
				F91E893AF3E6C20B492D3CB7 /* SettingsStorage.swift */,
			);
			path = Storage;
			sourceTree = "<group>";
		};
		9DDE6C7594E6F4CA5171F56A /* RecordingsLibrary */ = {
			isa = PBXGroup;
			children = (
				2C88AE153FCAA14A227A7E16 /* AudioPlaybackControlView.swift */,
				741CC380B9BFEAA01C4EC5E4 /* RecordingDetailView.swift */,
				30A4F862A41E4EC48E5CAEFB /* RecordingRowView.swift */,
				B2217BBA473011B6506284B3 /* RecordingsLibraryView.swift */,
				FDED8DC543F3EEDBCAC5A5D7 /* RecordingsLibraryWindowController.swift */,
			);
			path = RecordingsLibrary;
			sourceTree = "<group>";
		};
		ABC7199E67035E3C7302B5AC /* Core */ = {
			isa = PBXGroup;
			children = (
				3C2D0D3FFD55601BC3148762 /* Models */,
				7C901722A852B7E4295355DA /* Protocols */,
				4E9257208A1E961F03A1A487 /* Services */,
				9383F20E88F2F41999886C12 /* Storage */,
				86A4C8BEC7F50A0F4206230C /* Utilities */,
				1FD5AFC9EA02A0334CB2B377 /* Whisper */,
			);
			path = Core;
			sourceTree = "<group>";
		};
		B6C1477395B1431F550CF057 = {
			isa = PBXGroup;
			children = (
				FB9E2593E522D0D3A76C8FB7 /* Config */,
				15D2F8B0F5D1CD8440457521 /* Diduny */,
				FD4742A70F27CE5022031899 /* Frameworks */,
				166821B9EBE984E0D67F7515 /* Products */,
			);
			sourceTree = "<group>";
		};
		CB6A45DDD91116CF743B7691 /* HistoryPalette */ = {
			isa = PBXGroup;
			children = (
				EED41A85ABE10582EF485F5D /* HistoryPaletteView.swift */,
				9357A98372102BF3B285A2AD /* HistoryPaletteWindowController.swift */,
			);
			path = HistoryPalette;
			sourceTree = "<group>";
		};
		FB9E2593E522D0D3A76C8FB7 /* Config */ = {
			isa = PBXGroup;
			children = (
				C1AFB9C5F772A874A404885C /* Debug.xcconfig */,
				F4E5B531DCAD149223A50A75 /* Release.xcconfig */,
				0C49EEDF9A5AEED5B941A6AF /* Test.xcconfig */,
			);
			path = Config;
			sourceTree = "<group>";
		};
		FCFFC7EBEF56DCCDC42E7B9C /* App */ = {
			isa = PBXGroup;
			children = (
				52166362DE73BAC6891FA206 /* AppDelegate.swift */,
				7D2CC58C907B4985941DCDA9 /* AppDelegate+Hotkeys.swift */,
				18174CC5740A330799589646 /* AppDelegate+MeetingRecording.swift */,
				1999FC4728C79F46A514A1E4 /* AppDelegate+MeetingTranslationRecording.swift */,
				3E35E1F13A5F9761C79FB488 /* AppDelegate+Recording.swift */,
				01E272A8E12D4EEF5D724E91 /* AppDelegate+TranslationRecording.swift */,
				91E1CBBAFEDD499C3BD8C811 /* AppState.swift */,
				BDE5770AB5E9601E0DB6B878 /* DidunyApp.swift */,
			);
			path = App;
			sourceTree = "<group>";
		};
		FD4742A70F27CE5022031899 /* Frameworks */ = {
			isa = PBXGroup;
			children = (
				AF8E52BB2FE2DF4133F56731 /* Accelerate.framework */,
				E4ECCACC4D64216B39204947 /* Metal.framework */,
				FF35CE111AABBE5F2797242F /* whisper.xcframework */,
			);
			name = Frameworks;
			sourceTree = "<group>";
		};
/* End PBXGroup section */

/* Begin PBXNativeTarget section */
		80E4B00A9B397CFA48C6CD61 /* Diduny */ = {
			isa = PBXNativeTarget;
			buildConfigurationList = 70907262259AC93E1C1D4E30 /* Build configuration list for PBXNativeTarget "Diduny" */;
			buildPhases = (
				96B8F1370A2B9909FCC713D8 /* Sources */,
				93DD7B7138C10B14622DCB91 /* Resources */,
				B26474A90B8D0C0AC9DBBCF4 /* Frameworks */,
			);
			buildRules = (
			);
			dependencies = (
			);
			name = Diduny;
			packageProductDependencies = (
				2E72BE3A05C906A8B16DBE4E /* KeyboardShortcuts */,
				B431F17EA826367ED3C4D989 /* DynamicNotchKit */,
				57D44526E8ECA54C87677F5B /* LaunchAtLogin */,
			);
			productName = Diduny;
			productReference = 4C5A21F6255692712508A475 /* Diduny.app */;
			productType = "com.apple.product-type.application";
		};
/* End PBXNativeTarget section */

/* Begin PBXProject section */
		C2A45244C917AF2A13FB1A1E /* Project object */ = {
			isa = PBXProject;
			attributes = {
				BuildIndependentTargetsInParallel = YES;
				LastUpgradeCheck = 1500;
				TargetAttributes = {
					80E4B00A9B397CFA48C6CD61 = {
						DevelopmentTeam = 8JL9TM5WLG;
						ProvisioningStyle = Automatic;
					};
				};
			};
			buildConfigurationList = 286E02FDAF8F614DBF9A5566 /* Build configuration list for PBXProject "Diduny" */;
			compatibilityVersion = "Xcode 14.0";
			developmentRegion = en;
			hasScannedForEncodings = 0;
			knownRegions = (
				Base,
				en,
			);
			mainGroup = B6C1477395B1431F550CF057;
			minimizedProjectReferenceProxies = 1;
			packageReferences = (
				EEB3C042DE7A825E199A8D2F /* XCRemoteSwiftPackageReference "DynamicNotchKit" */,
				44A6802ED268E042B3E340B9 /* XCRemoteSwiftPackageReference "KeyboardShortcuts" */,
				40D87DB8B850A83EB00FF9EE /* XCRemoteSwiftPackageReference "LaunchAtLogin-Modern" */,
			);
			preferredProjectObjectVersion = 77;
			projectDirPath = "";
			projectRoot = "";
			targets = (
				80E4B00A9B397CFA48C6CD61 /* Diduny */,
			);
		};
/* End PBXProject section */

/* Begin PBXResourcesBuildPhase section */
		93DD7B7138C10B14622DCB91 /* Resources */ = {
			isa = PBXResourcesBuildPhase;
			buildActionMask = 2147483647;
			files = (
				107FDBF081DEEF30BD2A922D /* Assets.xcassets in Resources */,
			);
			runOnlyForDeploymentPostprocessing = 0;
		};
/* End PBXResourcesBuildPhase section */

/* Begin PBXSourcesBuildPhase section */
		96B8F1370A2B9909FCC713D8 /* Sources */ = {
			isa = PBXSourcesBuildPhase;
			buildActionMask = 2147483647;
			files = (
				DC1445338179F12A14662B34 /* AboutSettingsView.swift in Sources */,
				68C77BCC16612948D631CA3D /* AmbientListeningService.swift in Sources */,
				78E2E9B4903AA5A8A50AA6FC /* AppDelegate+Hotkeys.swift in Sources */,
				C5FA530A98A4A76DD9DEA952 /* AppDelegate+MeetingRecording.swift in Sources */,
				54E00016D9E3D0F28EB73B41 /* AppDelegate+MeetingTranslationRecording.swift in Sources */,
				5453778FD073ED02C9FE02E8 /* AppDelegate+Recording.swift in Sources */,
				5007F0585DD384082AB30B8F /* AppDelegate+TranslationRecording.swift in Sources */,
				A09E73F9CCF5D1023A1E3D2F /* AppDelegate.swift in Sources */,
				9FD5B6627D4A5BE503A607FF /* AppState.swift in Sources */,
				C8F29AF8B551E388C4C6F2A0 /* AudioConverter.swift in Sources */,
				D52AFEB3B25B529860D14116 /* AudioDevice.swift in Sources */,
				C8BEA1A38683AA8F1AA4D84E /* AudioDeviceManager.swift in Sources */,
				AA8C95710FD8D22B9FF8242A /* AudioMixerService.swift in Sources */,
				F9204E8BCBCCA977B096A3D2 /* AudioPlaybackControlView.swift in Sources */,
				3FDACDAE1B8CF7A54595BE9D /* AudioPlaybackService.swift in Sources */,
				948ADBEBD5ED5D02955F7E28 /* AudioRecorderService.swift in Sources */,
				8F7F926DB1CF87A2F8800B51 /* AudioSettingsView.swift in Sources */,
				C6297FB1BED3D932E43C6C7E /* ClipboardService.swift in Sources */,
				37B4946599B2FDB08DEB48E7 /* DidunyApp.swift in Sources */,
				F6597F7A3262A493D769B85B /* Errors.swift in Sources */,
				6E95C33622E89CBD05C763D5 /* EscapeCancelService.swift in Sources */,
				E4DA7F7432AC5A880F8D5CE8 /* GeneralSettingsView.swift in Sources */,
				48D234DA0A725C503B5DEA75 /* HistoryPaletteView.swift in Sources */,
				B11EF2458AEAF401E1A03FD2 /* HistoryPaletteWindowController.swift in Sources */,
				D6203B3BADF3AA7E40186F11 /* HotkeyService.swift in Sources */,
				4EB7E17EB03BFF9E631E38A9 /* KeychainManager.swift in Sources */,
				DDA86150D6B671266D004BEE /* LiveTranscriptStore.swift in Sources */,
				0B16463025082AB0F9EF90A5 /* LiveTranscriptView.swift in Sources */,
				4A3450320A622E433A5E4907 /* Logger.swift in Sources */,
				3230AC685182CD2F888DF3BC /* MeetingAudioSource.swift in Sources */,
				4845580D664C6BE034CF6835 /* MeetingChapter.swift in Sources */,
				56700AFF9E4935DDDDA72D7D /* MeetingRecorderService.swift in Sources */,
				C24B6F611448AF8CAD8E3DB9 /* MeetingSettingsView.swift in Sources */,
				EBD6CE2EED71E6F9BC63E53E /* MenuBarContentView.swift in Sources */,
				DB3964EFB7C60E392C41A920 /* MenuBarIconView.swift in Sources */,
				8CAA1C227A9788C6A9687E7D /* NotchContentView.swift in Sources */,
				9876807751B2F948878C2BDF /* NotchManager.swift in Sources */,
				214683A40F227DDAE1D64C8B /* OnboardingComponents.swift in Sources */,
				22F85E040AEC97503AF68835 /* OnboardingContainerView.swift in Sources */,
				03EBBAC2178925692C5B0F28 /* OnboardingManager.swift in Sources */,
				3857104F9A2310C3DA6E8290 /* PermissionManager.swift in Sources */,
				CAA3AF319715F9DD611CCC8B /* PermissionsSettingsView.swift in Sources */,
				86207F57859F544F066B0140 /* PushToTalkKey.swift in Sources */,
				497E932204DB8D119B40EAA5 /* PushToTalkService.swift in Sources */,
				8FA6B8A6240D6AE7AEA1754C /* RealtimeTranscription.swift in Sources */,
				E2A1278EF4D20EC10319BBF4 /* Recording.swift in Sources */,
				572B04F3977C5BF9A6001B21 /* RecordingDetailView.swift in Sources */,
				DFE3D7FFABE00254D2B2F164 /* RecordingQueueService.swift in Sources */,
				E5A43EA1048E2701A2B0498B /* RecordingRowView.swift in Sources */,
				E52ED7C098FF6FA9C0554C28 /* RecordingsLibraryStorage.swift in Sources */,
				E8268E59FC06679FC0BABA3D /* RecordingsLibraryView.swift in Sources */,
				1CBA3DB7D76838DB69D9DDDE /* RecordingsLibraryWindowController.swift in Sources */,
				DEE6BFC7FC33767EDB94BFDE /* RecoveryStateManager.swift in Sources */,
				CC8A0AB7ADA44B998EC3E45D /* ServiceProtocols.swift in Sources */,
				0FFD1A4567A90C61047FD763 /* SettingsStorage.swift in Sources */,
				C7A8368E38269D419E0C0832 /* SettingsView.swift in Sources */,
				C2F04DD9EDC031204976F3FF /* SonioxRealtimeService.swift in Sources */,
				55F5847B980E76CCAA1B8E0B /* SonioxTranscriptionService.swift in Sources */,
				8864F470B8EFDFF965ABAA76 /* SupportedLanguage.swift in Sources */,
				8E61D4628397B11E5BCEE03D /* SystemAudioCaptureService.swift in Sources */,
				F293480FBFF36536227A5878 /* TranscriptionProvider.swift in Sources */,
				311D90B9A30E9B26801F5AF0 /* TranscriptionSettingsView.swift in Sources */,
				50CD068CB639D75D27C09787 /* TranscriptionWindowController.swift in Sources */,
				62EBB796CFA5A63DB61BA0B6 /* WhisperContext.swift in Sources */,
				7E2725D4B5424D54367BCC82 /* WhisperError.swift in Sources */,
				438C177832C516A8BD571C36 /* WhisperModelManager.swift in Sources */,
				733D324CBB0ADB12B3780BF8 /* WhisperTranscriptionService.swift in Sources */,
			);
			runOnlyForDeploymentPostprocessing = 0;
		};
/* End PBXSourcesBuildPhase section */

/* Begin XCBuildConfiguration section */
		1597D7475480E90CED87DC89 /* Test */ = {
			isa = XCBuildConfiguration;
			buildSettings = {
				ASSETCATALOG_COMPILER_APPICON_NAME = AppIcon;
				CODE_SIGN_ENTITLEMENTS = Diduny/Resources/Diduny.entitlements;
				COMBINE_HIDPI_IMAGES = YES;
				FRAMEWORK_SEARCH_PATHS = (
					"$(inherited)",
					"\"Frameworks\"",
				);
				INFOPLIST_FILE = Diduny/Resources/Info.plist;
				LD_RUNPATH_SEARCH_PATHS = (
					"@executable_path/../Frameworks",
				);
				OTHER_LDFLAGS = (
					"-lc++",
				);
				PRODUCT_BUNDLE_IDENTIFIER = ua.com.rmarinsky.diduny.test;
				PRODUCT_NAME = "Diduny TEST";
				SDKROOT = macosx;
				SWIFT_ACTIVE_COMPILATION_CONDITIONS = TEST_BUILD;
				SWIFT_OBJC_BRIDGING_HEADER = Diduny/Core/Whisper/WhisperBridge.h;
			};
			name = Test;
		};
		2F2A33D2A7ECF1597458760E /* Test */ = {
			isa = XCBuildConfiguration;
			baseConfigurationReference = 0C49EEDF9A5AEED5B941A6AF /* Test.xcconfig */;
			buildSettings = {
				ALWAYS_SEARCH_USER_PATHS = NO;
				ARCHS = "arm64 x86_64";
				CLANG_ANALYZER_NONNULL = YES;
				CLANG_ANALYZER_NUMBER_OBJECT_CONVERSION = YES_AGGRESSIVE;
				CLANG_CXX_LANGUAGE_STANDARD = "gnu++14";
				CLANG_CXX_LIBRARY = "libc++";
				CLANG_ENABLE_MODULES = YES;
				CLANG_ENABLE_OBJC_ARC = YES;
				CLANG_ENABLE_OBJC_WEAK = YES;
				CLANG_WARN_BLOCK_CAPTURE_AUTORELEASING = YES;
				CLANG_WARN_BOOL_CONVERSION = YES;
				CLANG_WARN_COMMA = YES;
				CLANG_WARN_CONSTANT_CONVERSION = YES;
				CLANG_WARN_DEPRECATED_OBJC_IMPLEMENTATIONS = YES;
				CLANG_WARN_DIRECT_OBJC_ISA_USAGE = YES_ERROR;
				CLANG_WARN_DOCUMENTATION_COMMENTS = YES;
				CLANG_WARN_EMPTY_BODY = YES;
				CLANG_WARN_ENUM_CONVERSION = YES;
				CLANG_WARN_INFINITE_RECURSION = YES;
				CLANG_WARN_INT_CONVERSION = YES;
				CLANG_WARN_NON_LITERAL_NULL_CONVERSION = YES;
				CLANG_WARN_OBJC_IMPLICIT_RETAIN_SELF = YES;
				CLANG_WARN_OBJC_LITERAL_CONVERSION = YES;
				CLANG_WARN_OBJC_ROOT_CLASS = YES_ERROR;
				CLANG_WARN_QUOTED_INCLUDE_IN_FRAMEWORK_HEADER = YES;
				CLANG_WARN_RANGE_LOOP_ANALYSIS = YES;
				CLANG_WARN_STRICT_PROTOTYPES = YES;
				CLANG_WARN_SUSPICIOUS_MOVE = YES;
				CLANG_WARN_UNGUARDED_AVAILABILITY = YES_AGGRESSIVE;
				CLANG_WARN_UNREACHABLE_CODE = YES;
				CLANG_WARN__DUPLICATE_METHOD_MATCH = YES;
				CODE_SIGN_STYLE = Automatic;
				COPY_PHASE_STRIP = NO;
				CURRENT_PROJECT_VERSION = 1;
				DEVELOPMENT_TEAM = 8JL9TM5WLG;
				ENABLE_HARDENED_RUNTIME = YES;
				ENABLE_NS_ASSERTIONS = NO;
				ENABLE_STRICT_OBJC_MSGSEND = YES;
				GCC_C_LANGUAGE_STANDARD = gnu11;
				GCC_NO_COMMON_BLOCKS = YES;
				GCC_WARN_64_TO_32_BIT_CONVERSION = YES;
				GCC_WARN_ABOUT_RETURN_TYPE = YES_ERROR;
				GCC_WARN_UNDECLARED_SELECTOR = YES;
				GCC_WARN_UNINITIALIZED_AUTOS = YES_AGGRESSIVE;
				GCC_WARN_UNUSED_FUNCTION = YES;
				GCC_WARN_UNUSED_VARIABLE = YES;
				MACOSX_DEPLOYMENT_TARGET = 14.0;
				MARKETING_VERSION = 1.9.0;
				MTL_ENABLE_DEBUG_INFO = NO;
				MTL_FAST_MATH = YES;
				ONLY_ACTIVE_ARCH = NO;
				PRODUCT_NAME = "$(TARGET_NAME)";
				SDKROOT = macosx;
				SWIFT_COMPILATION_MODE = wholemodule;
				SWIFT_VERSION = 5.0;
			};
			name = Test;
		};
		49EFAF80F606F04699A86106 /* Release */ = {
			isa = XCBuildConfiguration;
			buildSettings = {
				ASSETCATALOG_COMPILER_APPICON_NAME = AppIcon;
				CODE_SIGN_ENTITLEMENTS = Diduny/Resources/Diduny.entitlements;
				COMBINE_HIDPI_IMAGES = YES;
				FRAMEWORK_SEARCH_PATHS = (
					"$(inherited)",
					"\"Frameworks\"",
				);
				INFOPLIST_FILE = Diduny/Resources/Info.plist;
				LD_RUNPATH_SEARCH_PATHS = (
					"@executable_path/../Frameworks",
				);
				OTHER_LDFLAGS = (
					"-lc++",
				);
				PRODUCT_BUNDLE_IDENTIFIER = ua.com.rmarinsky.diduny;
				PRODUCT_NAME = Diduny;
				SDKROOT = macosx;
				SWIFT_OBJC_BRIDGING_HEADER = Diduny/Core/Whisper/WhisperBridge.h;
			};
			name = Release;
		};
		CB09A9AB4CA14E28C1618458 /* Release */ = {
			isa = XCBuildConfiguration;
			baseConfigurationReference = F4E5B531DCAD149223A50A75 /* Release.xcconfig */;
			buildSettings = {
				ALWAYS_SEARCH_USER_PATHS = NO;
				ARCHS = "arm64 x86_64";
				CLANG_ANALYZER_NONNULL = YES;
				CLANG_ANALYZER_NUMBER_OBJECT_CONVERSION = YES_AGGRESSIVE;
				CLANG_CXX_LANGUAGE_STANDARD = "gnu++14";
				CLANG_CXX_LIBRARY = "libc++";
				CLANG_ENABLE_MODULES = YES;
				CLANG_ENABLE_OBJC_ARC = YES;
				CLANG_ENABLE_OBJC_WEAK = YES;
				CLANG_WARN_BLOCK_CAPTURE_AUTORELEASING = YES;
				CLANG_WARN_BOOL_CONVERSION = YES;
				CLANG_WARN_COMMA = YES;
				CLANG_WARN_CONSTANT_CONVERSION = YES;
				CLANG_WARN_DEPRECATED_OBJC_IMPLEMENTATIONS = YES;
				CLANG_WARN_DIRECT_OBJC_ISA_USAGE = YES_ERROR;
				CLANG_WARN_DOCUMENTATION_COMMENTS = YES;
				CLANG_WARN_EMPTY_BODY = YES;
				CLANG_WARN_ENUM_CONVERSION = YES;
				CLANG_WARN_INFINITE_RECURSION = YES;
				CLANG_WARN_INT_CONVERSION = YES;
				CLANG_WARN_NON_LITERAL_NULL_CONVERSION = YES;
				CLANG_WARN_OBJC_IMPLICIT_RETAIN_SELF = YES;
				CLANG_WARN_OBJC_LITERAL_CONVERSION = YES;
				CLANG_WARN_OBJC_ROOT_CLASS = YES_ERROR;
				CLANG_WARN_QUOTED_INCLUDE_IN_FRAMEWORK_HEADER = YES;
				CLANG_WARN_RANGE_LOOP_ANALYSIS = YES;
				CLANG_WARN_STRICT_PROTOTYPES = YES;
				CLANG_WARN_SUSPICIOUS_MOVE = YES;
				CLANG_WARN_UNGUARDED_AVAILABILITY = YES_AGGRESSIVE;
				CLANG_WARN_UNREACHABLE_CODE = YES;
				CLANG_WARN__DUPLICATE_METHOD_MATCH = YES;
				CODE_SIGN_STYLE = Automatic;
				COPY_PHASE_STRIP = NO;
				CURRENT_PROJECT_VERSION = 1;
				DEVELOPMENT_TEAM = 8JL9TM5WLG;
				ENABLE_HARDENED_RUNTIME = YES;
				ENABLE_NS_ASSERTIONS = NO;
				ENABLE_STRICT_OBJC_MSGSEND = YES;
				GCC_C_LANGUAGE_STANDARD = gnu11;
				GCC_NO_COMMON_BLOCKS = YES;
				GCC_WARN_64_TO_32_BIT_CONVERSION = YES;
				GCC_WARN_ABOUT_RETURN_TYPE = YES_ERROR;
				GCC_WARN_UNDECLARED_SELECTOR = YES;
				GCC_WARN_UNINITIALIZED_AUTOS = YES_AGGRESSIVE;
				GCC_WARN_UNUSED_FUNCTION = YES;
				GCC_WARN_UNUSED_VARIABLE = YES;
				MACOSX_DEPLOYMENT_TARGET = 14.0;
				MARKETING_VERSION = 1.9.0;
				MTL_ENABLE_DEBUG_INFO = NO;
				MTL_FAST_MATH = YES;
				ONLY_ACTIVE_ARCH = NO;
				PRODUCT_NAME = "$(TARGET_NAME)";
				SDKROOT = macosx;
				SWIFT_COMPILATION_MODE = wholemodule;
				SWIFT_VERSION = 5.0;
			};
			name = Release;
		};
		D798173A6EE5637EB45A132B /* Debug */ = {
			isa = XCBuildConfiguration;
			baseConfigurationReference = C1AFB9C5F772A874A404885C /* Debug.xcconfig */;
			buildSettings = {
				ALWAYS_SEARCH_USER_PATHS = NO;
				ARCHS = "arm64 x86_64";
				CLANG_ANALYZER_NONNULL = YES;
				CLANG_ANALYZER_NUMBER_OBJECT_CONVERSION = YES_AGGRESSIVE;
				CLANG_CXX_LANGUAGE_STANDARD = "gnu++14";
				CLANG_CXX_LIBRARY = "libc++";
				CLANG_ENABLE_MODULES = YES;
				CLANG_ENABLE_OBJC_ARC = YES;
				CLANG_ENABLE_OBJC_WEAK = YES;
				CLANG_WARN_BLOCK_CAPTURE_AUTORELEASING = YES;
				CLANG_WARN_BOOL_CONVERSION = YES;
				CLANG_WARN_COMMA = YES;
				CLANG_WARN_CONSTANT_CONVERSION = YES;
				CLANG_WARN_DEPRECATED_OBJC_IMPLEMENTATIONS = YES;
				CLANG_WARN_DIRECT_OBJC_ISA_USAGE = YES_ERROR;
				CLANG_WARN_DOCUMENTATION_COMMENTS = YES;
				CLANG_WARN_EMPTY_BODY = YES;
				CLANG_WARN_ENUM_CONVERSION = YES;
				CLANG_WARN_INFINITE_RECURSION = YES;
				CLANG_WARN_INT_CONVERSION = YES;
				CLANG_WARN_NON_LITERAL_NULL_CONVERSION = YES;
				CLANG_WARN_OBJC_IMPLICIT_RETAIN_SELF = YES;
				CLANG_WARN_OBJC_LITERAL_CONVERSION = YES;
				CLANG_WARN_OBJC_ROOT_CLASS = YES_ERROR;
				CLANG_WARN_QUOTED_INCLUDE_IN_FRAMEWORK_HEADER = YES;
				CLANG_WARN_RANGE_LOOP_ANALYSIS = YES;
				CLANG_WARN_STRICT_PROTOTYPES = YES;
				CLANG_WARN_SUSPICIOUS_MOVE = YES;
				CLANG_WARN_UNGUARDED_AVAILABILITY = YES_AGGRESSIVE;
				CLANG_WARN_UNREACHABLE_CODE = YES;
				CLANG_WARN__DUPLICATE_METHOD_MATCH = YES;
				CODE_SIGN_STYLE = Automatic;
				COPY_PHASE_STRIP = NO;
				CURRENT_PROJECT_VERSION = 1;
				DEVELOPMENT_TEAM = 8JL9TM5WLG;
				ENABLE_HARDENED_RUNTIME = YES;
				ENABLE_STRICT_OBJC_MSGSEND = YES;
				GCC_C_LANGUAGE_STANDARD = gnu11;
				GCC_DYNAMIC_NO_PIC = NO;
				GCC_NO_COMMON_BLOCKS = YES;
				GCC_PREPROCESSOR_DEFINITIONS = (
					"$(inherited)",
					"DEBUG=1",
				);
				GCC_WARN_64_TO_32_BIT_CONVERSION = YES;
				GCC_WARN_ABOUT_RETURN_TYPE = YES_ERROR;
				GCC_WARN_UNDECLARED_SELECTOR = YES;
				GCC_WARN_UNINITIALIZED_AUTOS = YES_AGGRESSIVE;
				GCC_WARN_UNUSED_FUNCTION = YES;
				GCC_WARN_UNUSED_VARIABLE = YES;
				MACOSX_DEPLOYMENT_TARGET = 14.0;
				MARKETING_VERSION = 1.9.0;
				MTL_ENABLE_DEBUG_INFO = INCLUDE_SOURCE;
				MTL_FAST_MATH = YES;
				ONLY_ACTIVE_ARCH = YES;
				PRODUCT_NAME = "$(TARGET_NAME)";
				SDKROOT = macosx;
				SWIFT_ACTIVE_COMPILATION_CONDITIONS = DEBUG;
				SWIFT_VERSION = 5.0;
			};
			name = Debug;
		};
		D99552FE7E71164256D164DD /* Debug */ = {
			isa = XCBuildConfiguration;
			buildSettings = {
				ASSETCATALOG_COMPILER_APPICON_NAME = AppIcon;
				CODE_SIGN_ENTITLEMENTS = Diduny/Resources/Diduny.entitlements;
				COMBINE_HIDPI_IMAGES = YES;
				FRAMEWORK_SEARCH_PATHS = (
					"$(inherited)",
					"\"Frameworks\"",
				);
				INFOPLIST_FILE = Diduny/Resources/Info.plist;
				LD_RUNPATH_SEARCH_PATHS = (
					"@executable_path/../Frameworks",
				);
				OTHER_LDFLAGS = (
					"-lc++",
				);
				PRODUCT_BUNDLE_IDENTIFIER = ua.com.rmarinsky.diduny.dev;
				PRODUCT_NAME = "Diduny DEV";
				SDKROOT = macosx;
				SWIFT_ACTIVE_COMPILATION_CONDITIONS = "DEV_BUILD DEBUG";
				SWIFT_OBJC_BRIDGING_HEADER = Diduny/Core/Whisper/WhisperBridge.h;
			};
			name = Debug;
		};
/* End XCBuildConfiguration section */

/* Begin XCConfigurationList section */
		286E02FDAF8F614DBF9A5566 /* Build configuration list for PBXProject "Diduny" */ = {
			isa = XCConfigurationList;
			buildConfigurations = (
				D798173A6EE5637EB45A132B /* Debug */,
				CB09A9AB4CA14E28C1618458 /* Release */,
				2F2A33D2A7ECF1597458760E /* Test */,
			);
			defaultConfigurationIsVisible = 0;
			defaultConfigurationName = Debug;
		};
		70907262259AC93E1C1D4E30 /* Build configuration list for PBXNativeTarget "Diduny" */ = {
			isa = XCConfigurationList;
			buildConfigurations = (
				D99552FE7E71164256D164DD /* Debug */,
				49EFAF80F606F04699A86106 /* Release */,
				1597D7475480E90CED87DC89 /* Test */,
			);
			defaultConfigurationIsVisible = 0;
			defaultConfigurationName = Debug;
		};
/* End XCConfigurationList section */

/* Begin XCRemoteSwiftPackageReference section */
		40D87DB8B850A83EB00FF9EE /* XCRemoteSwiftPackageReference "LaunchAtLogin-Modern" */ = {
			isa = XCRemoteSwiftPackageReference;
			repositoryURL = "https://github.com/sindresorhus/LaunchAtLogin-Modern";
			requirement = {
				kind = upToNextMajorVersion;
				minimumVersion = 1.0.0;
			};
		};
		44A6802ED268E042B3E340B9 /* XCRemoteSwiftPackageReference "KeyboardShortcuts" */ = {
			isa = XCRemoteSwiftPackageReference;
			repositoryURL = "https://github.com/sindresorhus/KeyboardShortcuts";
			requirement = {
				kind = upToNextMajorVersion;
				minimumVersion = 2.0.0;
			};
		};
		EEB3C042DE7A825E199A8D2F /* XCRemoteSwiftPackageReference "DynamicNotchKit" */ = {
			isa = XCRemoteSwiftPackageReference;
			repositoryURL = "https://github.com/MrKai77/DynamicNotchKit";
			requirement = {
				kind = upToNextMajorVersion;
				minimumVersion = 1.0.0;
			};
		};
/* End XCRemoteSwiftPackageReference section */

/* Begin XCSwiftPackageProductDependency section */
		2E72BE3A05C906A8B16DBE4E /* KeyboardShortcuts */ = {
			isa = XCSwiftPackageProductDependency;
			package = 44A6802ED268E042B3E340B9 /* XCRemoteSwiftPackageReference "KeyboardShortcuts" */;
			productName = KeyboardShortcuts;
		};
		57D44526E8ECA54C87677F5B /* LaunchAtLogin */ = {
			isa = XCSwiftPackageProductDependency;
			package = 40D87DB8B850A83EB00FF9EE /* XCRemoteSwiftPackageReference "LaunchAtLogin-Modern" */;
			productName = LaunchAtLogin;
		};
		B431F17EA826367ED3C4D989 /* DynamicNotchKit */ = {
			isa = XCSwiftPackageProductDependency;
			package = EEB3C042DE7A825E199A8D2F /* XCRemoteSwiftPackageReference "DynamicNotchKit" */;
			productName = DynamicNotchKit;
		};
/* End XCSwiftPackageProductDependency section */
	};
	rootObject = C2A45244C917AF2A13FB1A1E /* Project object */;
}
