// !$*UTF8*$!
{
	archiveVersion = 1;
	classes = {
	};
	objectVersion = 77;
	objects = {

/* Begin PBXBuildFile section */
		0249F77241A1AEBB02380D01 /* DictateToBufferApp.swift in Sources */ = {isa = PBXBuildFile; fileRef = C0CA533B4A832086A53D17B3 /* DictateToBufferApp.swift */; };
		052A1967A32C5488C4244241 /* RecordingIndicatorView.swift in Sources */ = {isa = PBXBuildFile; fileRef = 7AACF3C5D2ADD5EC4AA26043 /* RecordingIndicatorView.swift */; };
		08EF18587EB1E236A4AA6A56 /* SettingsView.swift in Sources */ = {isa = PBXBuildFile; fileRef = A5B10FB916FBEBB259440F9A /* SettingsView.swift */; };
		0EB07DA5853B032F714AFD09 /* KeyboardShortcuts in Frameworks */ = {isa = PBXBuildFile; productRef = 803E3E39625CBD77BE2EF335 /* KeyboardShortcuts */; };
		122D62C4FC8984EAE8B16C19 /* NotificationManager.swift in Sources */ = {isa = PBXBuildFile; fileRef = 1567EB67BC7A34EB2238219B /* NotificationManager.swift */; };
		1247D42C1AB82FEC9132B7C2 /* MenuBarContentView.swift in Sources */ = {isa = PBXBuildFile; fileRef = 0EEC33B2EC7FEB45E0D02281 /* MenuBarContentView.swift */; };
		1397567FC306A90CB665E8CD /* HotkeyService.swift in Sources */ = {isa = PBXBuildFile; fileRef = 90C49ABB44C6B2D82A73B0BB /* HotkeyService.swift */; };
		15058D1C28322A4232D419B2 /* RecordingIndicatorView.swift in Sources */ = {isa = PBXBuildFile; fileRef = 7AACF3C5D2ADD5EC4AA26043 /* RecordingIndicatorView.swift */; };
		1679E935B0D2FD9FFD6AAA3F /* AppDelegate+RecordingWindow.swift in Sources */ = {isa = PBXBuildFile; fileRef = 50DDB39061C8D2E1641F56DE /* AppDelegate+RecordingWindow.swift */; };
		17FAB0C06A6B928F8F6E84CC /* PushToTalkKey.swift in Sources */ = {isa = PBXBuildFile; fileRef = 9D7723934AE13843F5AD6891 /* PushToTalkKey.swift */; };
		19AD6A05CE516EC0370D8BAC /* MeetingRecorderService.swift in Sources */ = {isa = PBXBuildFile; fileRef = 97F0714DAE44675BBE28BBB3 /* MeetingRecorderService.swift */; };
		1AC50EA7D55D2DC52004230D /* ServiceProtocols.swift in Sources */ = {isa = PBXBuildFile; fileRef = 42012CB14362F8AEA1942BC6 /* ServiceProtocols.swift */; };
		1C15B92EFDD6977B253CD94A /* AppDelegate+Hotkeys.swift in Sources */ = {isa = PBXBuildFile; fileRef = E5DB177A1F0A10C7C070BE02 /* AppDelegate+Hotkeys.swift */; };
		1F9F346A0A6250FC62B0FDDE /* MenuBarIconView.swift in Sources */ = {isa = PBXBuildFile; fileRef = 30E1B4E82EBE006D3CC70591 /* MenuBarIconView.swift */; };
		204E730BEBC49E672645D2E8 /* AudioQuality.swift in Sources */ = {isa = PBXBuildFile; fileRef = 59976A0D925DA70BEF525D08 /* AudioQuality.swift */; };
		237F0FB2264ECB220BB22776 /* SettingsStorage.swift in Sources */ = {isa = PBXBuildFile; fileRef = BBF7352EAC14BBD80A6FA77F /* SettingsStorage.swift */; };
		2542BE6613A2AC06CBC74C69 /* AudioDevice.swift in Sources */ = {isa = PBXBuildFile; fileRef = 32FF6280219AE3FE114BDFFF /* AudioDevice.swift */; };
		25CEEBF8D380BC5501EE5B72 /* SettingsStorage.swift in Sources */ = {isa = PBXBuildFile; fileRef = BBF7352EAC14BBD80A6FA77F /* SettingsStorage.swift */; };
		2C1EAF9A748FE65312FE7A6A /* AppDelegate+MeetingRecording.swift in Sources */ = {isa = PBXBuildFile; fileRef = EC24C7BC733033CDEB9DAB71 /* AppDelegate+MeetingRecording.swift */; };
		2DF9E0B4F21948F8CF806ED0 /* MeetingAudioSource.swift in Sources */ = {isa = PBXBuildFile; fileRef = 54DF82D73E22BC8AAA7B6DE0 /* MeetingAudioSource.swift */; };
		2ED094FABE23A5926EAAAA1B /* MeetingSettingsView.swift in Sources */ = {isa = PBXBuildFile; fileRef = 7B9C5E22631ED12264AD2F19 /* MeetingSettingsView.swift */; };
		2FBA0B90D6B95DF5EFF6E730 /* PushToTalkService.swift in Sources */ = {isa = PBXBuildFile; fileRef = 6BA16860BAA9D81F88109197 /* PushToTalkService.swift */; };
		31C182C52114DA7C94EA09F6 /* Errors.swift in Sources */ = {isa = PBXBuildFile; fileRef = F477DC31A0E7B0068D2ED272 /* Errors.swift */; };
		31E8D9840A1DC75AB56A5526 /* SystemAudioCaptureService.swift in Sources */ = {isa = PBXBuildFile; fileRef = 5351FB247200753C0C13B783 /* SystemAudioCaptureService.swift */; };
		358F5950982D4F8B0AF700A6 /* Assets.xcassets in Resources */ = {isa = PBXBuildFile; fileRef = 235A48CAD891736076E7A034 /* Assets.xcassets */; };
		36616FB54AA71B10862741AD /* AudioQuality.swift in Sources */ = {isa = PBXBuildFile; fileRef = 59976A0D925DA70BEF525D08 /* AudioQuality.swift */; };
		3717CEFAE7A2E668AE425D28 /* AppState.swift in Sources */ = {isa = PBXBuildFile; fileRef = 0C9C8C84BC939C82C9BD0103 /* AppState.swift */; };
		3BEB1233DD17D0FC3C66D526 /* PermissionManager.swift in Sources */ = {isa = PBXBuildFile; fileRef = A40FDC5B2701641A6FBE9013 /* PermissionManager.swift */; };
		431C5762DE10B0BDE9A1C999 /* KeyboardShortcuts in Frameworks */ = {isa = PBXBuildFile; productRef = E97BB6BC24D00E0EDEDF6293 /* KeyboardShortcuts */; };
		45F12EF4B6CA8E7D46DF5E3F /* Logger.swift in Sources */ = {isa = PBXBuildFile; fileRef = B19124AFF64E739DE31AC34F /* Logger.swift */; };
		4A7EB9955F88403BD8FFA1CB /* NotificationManager.swift in Sources */ = {isa = PBXBuildFile; fileRef = 1567EB67BC7A34EB2238219B /* NotificationManager.swift */; };
		506FA60F79558694143E34F3 /* Logger.swift in Sources */ = {isa = PBXBuildFile; fileRef = B19124AFF64E739DE31AC34F /* Logger.swift */; };
		5D0EB89076BBE19907F52571 /* AudioDevice.swift in Sources */ = {isa = PBXBuildFile; fileRef = 32FF6280219AE3FE114BDFFF /* AudioDevice.swift */; };
		5F4FCDA07D0B3AD03A5BCBA2 /* Assets.xcassets in Resources */ = {isa = PBXBuildFile; fileRef = 235A48CAD891736076E7A034 /* Assets.xcassets */; };
		65275CEE2A3AA142B1E5D0E3 /* AudioSettingsView.swift in Sources */ = {isa = PBXBuildFile; fileRef = 1B9BAA42C7FEF8E1DE15973A /* AudioSettingsView.swift */; };
		66F38EFBB4A2D0A0D8803897 /* AppDelegate+TranslationRecording.swift in Sources */ = {isa = PBXBuildFile; fileRef = 59BCAB75C7296C8E70C5BC6F /* AppDelegate+TranslationRecording.swift */; };
		6AD7BBD9D78CEF319F82E190 /* LogsSettingsView.swift in Sources */ = {isa = PBXBuildFile; fileRef = 76CC02BB7782241662F8CB53 /* LogsSettingsView.swift */; };
		703A6D7E2E79DCFBDCDEBFF1 /* PermissionManager.swift in Sources */ = {isa = PBXBuildFile; fileRef = A40FDC5B2701641A6FBE9013 /* PermissionManager.swift */; };
		75CD23D5DC58F8AE9C1C55DC /* AppDelegate+TranslationRecording.swift in Sources */ = {isa = PBXBuildFile; fileRef = 59BCAB75C7296C8E70C5BC6F /* AppDelegate+TranslationRecording.swift */; };
		76682C944FF7F24033352AF2 /* SettingsView.swift in Sources */ = {isa = PBXBuildFile; fileRef = A5B10FB916FBEBB259440F9A /* SettingsView.swift */; };
		776E0168D23115510C13D5F6 /* AudioRecorderService.swift in Sources */ = {isa = PBXBuildFile; fileRef = 02EF3078E4D5AE057242B38F /* AudioRecorderService.swift */; };
		7AC7E6F343963CA314D49336 /* AudioDeviceManager.swift in Sources */ = {isa = PBXBuildFile; fileRef = 48706F13E5B88DE9AFDF3E57 /* AudioDeviceManager.swift */; };
		7B3D4DA857116C38BA05E68E /* SonioxTranscriptionService.swift in Sources */ = {isa = PBXBuildFile; fileRef = 33C5440F249D5DB5E132FF8C /* SonioxTranscriptionService.swift */; };
		7C11A9ADCFC5F33C1CD646E7 /* MeetingSettingsView.swift in Sources */ = {isa = PBXBuildFile; fileRef = 7B9C5E22631ED12264AD2F19 /* MeetingSettingsView.swift */; };
		7C3BBEA719429071AB20F849 /* DictateToBufferApp.swift in Sources */ = {isa = PBXBuildFile; fileRef = C0CA533B4A832086A53D17B3 /* DictateToBufferApp.swift */; };
		8375FC600B78D8F84505A051 /* Errors.swift in Sources */ = {isa = PBXBuildFile; fileRef = F477DC31A0E7B0068D2ED272 /* Errors.swift */; };
		8A305E18AE3E58F9588F3BF4 /* SystemAudioCaptureService.swift in Sources */ = {isa = PBXBuildFile; fileRef = 5351FB247200753C0C13B783 /* SystemAudioCaptureService.swift */; };
		8B499BA1A958E2720B1132A2 /* AudioDeviceManager.swift in Sources */ = {isa = PBXBuildFile; fileRef = 48706F13E5B88DE9AFDF3E57 /* AudioDeviceManager.swift */; };
		8CEA23A2A0CFE986BB67C1E8 /* PERMISSIONS_UPDATE.md in Resources */ = {isa = PBXBuildFile; fileRef = 4D37FC9B2446DD9B0AC0DCB4 /* PERMISSIONS_UPDATE.md */; };
		8FD5570277904613BF271E19 /* APISettingsView.swift in Sources */ = {isa = PBXBuildFile; fileRef = 17D357D963C031E5B5850ECE /* APISettingsView.swift */; };
		91E810857BA47941368423CE /* MenuBarContentView.swift in Sources */ = {isa = PBXBuildFile; fileRef = 0EEC33B2EC7FEB45E0D02281 /* MenuBarContentView.swift */; };
		93FBA7C9195BD3F2D700C51C /* PushToTalkKey.swift in Sources */ = {isa = PBXBuildFile; fileRef = 9D7723934AE13843F5AD6891 /* PushToTalkKey.swift */; };
		9573D896FF9105C2E59CCBD2 /* PermissionsSettingsView.swift in Sources */ = {isa = PBXBuildFile; fileRef = B8C115B95A3507424A965095 /* PermissionsSettingsView.swift */; };
		96525A0B2D15BE12C4C0155C /* ClipboardService.swift in Sources */ = {isa = PBXBuildFile; fileRef = 7735ECA8738852FC182A7BC9 /* ClipboardService.swift */; };
		97784BA6CDA3437C5CD110F5 /* KeychainManager.swift in Sources */ = {isa = PBXBuildFile; fileRef = 9225CB126029F5D054CBEA9A /* KeychainManager.swift */; };
		9E435718BEA59D60F58B00A1 /* ServiceProtocols.swift in Sources */ = {isa = PBXBuildFile; fileRef = 42012CB14362F8AEA1942BC6 /* ServiceProtocols.swift */; };
		AB131D2851CD9B4E029BBA66 /* AppDelegate+Hotkeys.swift in Sources */ = {isa = PBXBuildFile; fileRef = E5DB177A1F0A10C7C070BE02 /* AppDelegate+Hotkeys.swift */; };
		AF7BD44D26F3E3011A2673FA /* AppState.swift in Sources */ = {isa = PBXBuildFile; fileRef = 0C9C8C84BC939C82C9BD0103 /* AppState.swift */; };
		B4B78A5C7CCDA452D34F77E1 /* GeneralSettingsView.swift in Sources */ = {isa = PBXBuildFile; fileRef = 66EAD5734E14386424562576 /* GeneralSettingsView.swift */; };
		B60D38E3783DF7E29C483887 /* RecoveryStateManager.swift in Sources */ = {isa = PBXBuildFile; fileRef = 7D65D34E97343024C3E0E985 /* RecoveryStateManager.swift */; };
		C17BDA9EE542AC046460184C /* KeychainManager.swift in Sources */ = {isa = PBXBuildFile; fileRef = 9225CB126029F5D054CBEA9A /* KeychainManager.swift */; };
		C1C640307444C5AB27449CBC /* MenuBarIconView.swift in Sources */ = {isa = PBXBuildFile; fileRef = 30E1B4E82EBE006D3CC70591 /* MenuBarIconView.swift */; };
		C8505F8AA0627D47DE3D805F /* PERMISSIONS_UPDATE.md in Resources */ = {isa = PBXBuildFile; fileRef = 4D37FC9B2446DD9B0AC0DCB4 /* PERMISSIONS_UPDATE.md */; };
		C877ADB554FE138356E83940 /* AppDelegate+Recording.swift in Sources */ = {isa = PBXBuildFile; fileRef = 12034E42EE112D1D1E87DEA3 /* AppDelegate+Recording.swift */; };
		D70EB5CDE9E97727CB759E2E /* AudioRecorderService.swift in Sources */ = {isa = PBXBuildFile; fileRef = 02EF3078E4D5AE057242B38F /* AudioRecorderService.swift */; };
		D8354F789F6B6C6FCEAC1F3E /* RecoveryStateManager.swift in Sources */ = {isa = PBXBuildFile; fileRef = 7D65D34E97343024C3E0E985 /* RecoveryStateManager.swift */; };
		DA2DECED230CBC0B90D687FA /* PermissionsSettingsView.swift in Sources */ = {isa = PBXBuildFile; fileRef = B8C115B95A3507424A965095 /* PermissionsSettingsView.swift */; };
		DC63709948B21A56233D2B8B /* AppDelegate+MeetingRecording.swift in Sources */ = {isa = PBXBuildFile; fileRef = EC24C7BC733033CDEB9DAB71 /* AppDelegate+MeetingRecording.swift */; };
		DCD3FA8DD73B8C02C27C14AD /* SonioxTranscriptionService.swift in Sources */ = {isa = PBXBuildFile; fileRef = 33C5440F249D5DB5E132FF8C /* SonioxTranscriptionService.swift */; };
		DE0C518CB5CF5BB9F65AA2BD /* PushToTalkService.swift in Sources */ = {isa = PBXBuildFile; fileRef = 6BA16860BAA9D81F88109197 /* PushToTalkService.swift */; };
		E1E5653F416DDBFB1937D5CE /* AppDelegate.swift in Sources */ = {isa = PBXBuildFile; fileRef = 8B222B2AE33BA56A1DDE6FB3 /* AppDelegate.swift */; };
		E54F25D4E42ED15F05B8EC98 /* GeneralSettingsView.swift in Sources */ = {isa = PBXBuildFile; fileRef = 66EAD5734E14386424562576 /* GeneralSettingsView.swift */; };
		E7D6023F0BC32B9338F3FD60 /* ClipboardService.swift in Sources */ = {isa = PBXBuildFile; fileRef = 7735ECA8738852FC182A7BC9 /* ClipboardService.swift */; };
		E9DE44BD9C0992E491815993 /* MeetingRecorderService.swift in Sources */ = {isa = PBXBuildFile; fileRef = 97F0714DAE44675BBE28BBB3 /* MeetingRecorderService.swift */; };
		E9F5BDE6D841F52961E36AD3 /* AudioSettingsView.swift in Sources */ = {isa = PBXBuildFile; fileRef = 1B9BAA42C7FEF8E1DE15973A /* AudioSettingsView.swift */; };
		EB4239CEEDFCDEB7142EA5B1 /* APISettingsView.swift in Sources */ = {isa = PBXBuildFile; fileRef = 17D357D963C031E5B5850ECE /* APISettingsView.swift */; };
		F109DD85932B6ACCAAA6F135 /* LogsService.swift in Sources */ = {isa = PBXBuildFile; fileRef = 07F4465F02DB2B445206DB71 /* LogsService.swift */; };
		F13D4E693C71A396F6EA85D5 /* HotkeyService.swift in Sources */ = {isa = PBXBuildFile; fileRef = 90C49ABB44C6B2D82A73B0BB /* HotkeyService.swift */; };
		F3402117E71A870CDFF9E096 /* AppDelegate+Recording.swift in Sources */ = {isa = PBXBuildFile; fileRef = 12034E42EE112D1D1E87DEA3 /* AppDelegate+Recording.swift */; };
		F365ECE84C1840CF2017AFB2 /* AppDelegate+RecordingWindow.swift in Sources */ = {isa = PBXBuildFile; fileRef = 50DDB39061C8D2E1641F56DE /* AppDelegate+RecordingWindow.swift */; };
		F62E9D412EA066D1DAA9F160 /* MeetingAudioSource.swift in Sources */ = {isa = PBXBuildFile; fileRef = 54DF82D73E22BC8AAA7B6DE0 /* MeetingAudioSource.swift */; };
		F6ACBE82CBD0ED356FF70268 /* AppDelegate.swift in Sources */ = {isa = PBXBuildFile; fileRef = 8B222B2AE33BA56A1DDE6FB3 /* AppDelegate.swift */; };
		FB18E2ED95CD81632E9E5696 /* LogsService.swift in Sources */ = {isa = PBXBuildFile; fileRef = 07F4465F02DB2B445206DB71 /* LogsService.swift */; };
		FBC8B3CF339936F3C622D72B /* LogsSettingsView.swift in Sources */ = {isa = PBXBuildFile; fileRef = 76CC02BB7782241662F8CB53 /* LogsSettingsView.swift */; };
/* End PBXBuildFile section */

/* Begin PBXFileReference section */
		02EF3078E4D5AE057242B38F /* AudioRecorderService.swift */ = {isa = PBXFileReference; lastKnownFileType = sourcecode.swift; path = AudioRecorderService.swift; sourceTree = "<group>"; };
		07F4465F02DB2B445206DB71 /* LogsService.swift */ = {isa = PBXFileReference; lastKnownFileType = sourcecode.swift; path = LogsService.swift; sourceTree = "<group>"; };
		0C9C8C84BC939C82C9BD0103 /* AppState.swift */ = {isa = PBXFileReference; lastKnownFileType = sourcecode.swift; path = AppState.swift; sourceTree = "<group>"; };
		0EEC33B2EC7FEB45E0D02281 /* MenuBarContentView.swift */ = {isa = PBXFileReference; lastKnownFileType = sourcecode.swift; path = MenuBarContentView.swift; sourceTree = "<group>"; };
		12034E42EE112D1D1E87DEA3 /* AppDelegate+Recording.swift */ = {isa = PBXFileReference; lastKnownFileType = sourcecode.swift; path = "AppDelegate+Recording.swift"; sourceTree = "<group>"; };
		1567EB67BC7A34EB2238219B /* NotificationManager.swift */ = {isa = PBXFileReference; lastKnownFileType = sourcecode.swift; path = NotificationManager.swift; sourceTree = "<group>"; };
		17D357D963C031E5B5850ECE /* APISettingsView.swift */ = {isa = PBXFileReference; lastKnownFileType = sourcecode.swift; path = APISettingsView.swift; sourceTree = "<group>"; };
		1B9BAA42C7FEF8E1DE15973A /* AudioSettingsView.swift */ = {isa = PBXFileReference; lastKnownFileType = sourcecode.swift; path = AudioSettingsView.swift; sourceTree = "<group>"; };
		1FB7B7DFCBC736735FDFAEB1 /* DictateToBuffer.entitlements */ = {isa = PBXFileReference; lastKnownFileType = text.plist.entitlements; path = DictateToBuffer.entitlements; sourceTree = "<group>"; };
		235A48CAD891736076E7A034 /* Assets.xcassets */ = {isa = PBXFileReference; lastKnownFileType = folder.assetcatalog; path = Assets.xcassets; sourceTree = "<group>"; };
		30E1B4E82EBE006D3CC70591 /* MenuBarIconView.swift */ = {isa = PBXFileReference; lastKnownFileType = sourcecode.swift; path = MenuBarIconView.swift; sourceTree = "<group>"; };
		32FF6280219AE3FE114BDFFF /* AudioDevice.swift */ = {isa = PBXFileReference; lastKnownFileType = sourcecode.swift; path = AudioDevice.swift; sourceTree = "<group>"; };
		33C5440F249D5DB5E132FF8C /* SonioxTranscriptionService.swift */ = {isa = PBXFileReference; lastKnownFileType = sourcecode.swift; path = SonioxTranscriptionService.swift; sourceTree = "<group>"; };
		42012CB14362F8AEA1942BC6 /* ServiceProtocols.swift */ = {isa = PBXFileReference; lastKnownFileType = sourcecode.swift; path = ServiceProtocols.swift; sourceTree = "<group>"; };
		48706F13E5B88DE9AFDF3E57 /* AudioDeviceManager.swift */ = {isa = PBXFileReference; lastKnownFileType = sourcecode.swift; path = AudioDeviceManager.swift; sourceTree = "<group>"; };
		4D37FC9B2446DD9B0AC0DCB4 /* PERMISSIONS_UPDATE.md */ = {isa = PBXFileReference; lastKnownFileType = net.daringfireball.markdown; path = PERMISSIONS_UPDATE.md; sourceTree = "<group>"; };
		50DDB39061C8D2E1641F56DE /* AppDelegate+RecordingWindow.swift */ = {isa = PBXFileReference; lastKnownFileType = sourcecode.swift; path = "AppDelegate+RecordingWindow.swift"; sourceTree = "<group>"; };
		5351FB247200753C0C13B783 /* SystemAudioCaptureService.swift */ = {isa = PBXFileReference; lastKnownFileType = sourcecode.swift; path = SystemAudioCaptureService.swift; sourceTree = "<group>"; };
		54DF82D73E22BC8AAA7B6DE0 /* MeetingAudioSource.swift */ = {isa = PBXFileReference; lastKnownFileType = sourcecode.swift; path = MeetingAudioSource.swift; sourceTree = "<group>"; };
		59976A0D925DA70BEF525D08 /* AudioQuality.swift */ = {isa = PBXFileReference; lastKnownFileType = sourcecode.swift; path = AudioQuality.swift; sourceTree = "<group>"; };
		59BCAB75C7296C8E70C5BC6F /* AppDelegate+TranslationRecording.swift */ = {isa = PBXFileReference; lastKnownFileType = sourcecode.swift; path = "AppDelegate+TranslationRecording.swift"; sourceTree = "<group>"; };
		6427D21B68DB7A12888979EC /* Debug.xcconfig */ = {isa = PBXFileReference; lastKnownFileType = text.xcconfig; path = Debug.xcconfig; sourceTree = "<group>"; };
		66EAD5734E14386424562576 /* GeneralSettingsView.swift */ = {isa = PBXFileReference; lastKnownFileType = sourcecode.swift; path = GeneralSettingsView.swift; sourceTree = "<group>"; };
		6BA16860BAA9D81F88109197 /* PushToTalkService.swift */ = {isa = PBXFileReference; lastKnownFileType = sourcecode.swift; path = PushToTalkService.swift; sourceTree = "<group>"; };
		7145790624AE37A6197DE748 /* DictateToBuffer.app */ = {isa = PBXFileReference; explicitFileType = wrapper.application; includeInIndex = 0; path = DictateToBuffer.app; sourceTree = BUILT_PRODUCTS_DIR; };
		76CC02BB7782241662F8CB53 /* LogsSettingsView.swift */ = {isa = PBXFileReference; lastKnownFileType = sourcecode.swift; path = LogsSettingsView.swift; sourceTree = "<group>"; };
		7735ECA8738852FC182A7BC9 /* ClipboardService.swift */ = {isa = PBXFileReference; lastKnownFileType = sourcecode.swift; path = ClipboardService.swift; sourceTree = "<group>"; };
		7AACF3C5D2ADD5EC4AA26043 /* RecordingIndicatorView.swift */ = {isa = PBXFileReference; lastKnownFileType = sourcecode.swift; path = RecordingIndicatorView.swift; sourceTree = "<group>"; };
		7B9C5E22631ED12264AD2F19 /* MeetingSettingsView.swift */ = {isa = PBXFileReference; lastKnownFileType = sourcecode.swift; path = MeetingSettingsView.swift; sourceTree = "<group>"; };
		7D65D34E97343024C3E0E985 /* RecoveryStateManager.swift */ = {isa = PBXFileReference; lastKnownFileType = sourcecode.swift; path = RecoveryStateManager.swift; sourceTree = "<group>"; };
		8B222B2AE33BA56A1DDE6FB3 /* AppDelegate.swift */ = {isa = PBXFileReference; lastKnownFileType = sourcecode.swift; path = AppDelegate.swift; sourceTree = "<group>"; };
		90C49ABB44C6B2D82A73B0BB /* HotkeyService.swift */ = {isa = PBXFileReference; lastKnownFileType = sourcecode.swift; path = HotkeyService.swift; sourceTree = "<group>"; };
		9225CB126029F5D054CBEA9A /* KeychainManager.swift */ = {isa = PBXFileReference; lastKnownFileType = sourcecode.swift; path = KeychainManager.swift; sourceTree = "<group>"; };
		96727DEA0D5B74E7AEC37D92 /* Release.xcconfig */ = {isa = PBXFileReference; lastKnownFileType = text.xcconfig; path = Release.xcconfig; sourceTree = "<group>"; };
		97F0714DAE44675BBE28BBB3 /* MeetingRecorderService.swift */ = {isa = PBXFileReference; lastKnownFileType = sourcecode.swift; path = MeetingRecorderService.swift; sourceTree = "<group>"; };
		9D7723934AE13843F5AD6891 /* PushToTalkKey.swift */ = {isa = PBXFileReference; lastKnownFileType = sourcecode.swift; path = PushToTalkKey.swift; sourceTree = "<group>"; };
		A40FDC5B2701641A6FBE9013 /* PermissionManager.swift */ = {isa = PBXFileReference; lastKnownFileType = sourcecode.swift; path = PermissionManager.swift; sourceTree = "<group>"; };
		A5B10FB916FBEBB259440F9A /* SettingsView.swift */ = {isa = PBXFileReference; lastKnownFileType = sourcecode.swift; path = SettingsView.swift; sourceTree = "<group>"; };
		B19124AFF64E739DE31AC34F /* Logger.swift */ = {isa = PBXFileReference; lastKnownFileType = sourcecode.swift; path = Logger.swift; sourceTree = "<group>"; };
		B660FFDC9A9AFDAEB57A64ED /* DictateToBuffer-Test.app */ = {isa = PBXFileReference; explicitFileType = wrapper.application; includeInIndex = 0; path = "DictateToBuffer-Test.app"; sourceTree = BUILT_PRODUCTS_DIR; };
		B8C115B95A3507424A965095 /* PermissionsSettingsView.swift */ = {isa = PBXFileReference; lastKnownFileType = sourcecode.swift; path = PermissionsSettingsView.swift; sourceTree = "<group>"; };
		BBF7352EAC14BBD80A6FA77F /* SettingsStorage.swift */ = {isa = PBXFileReference; lastKnownFileType = sourcecode.swift; path = SettingsStorage.swift; sourceTree = "<group>"; };
		C0CA533B4A832086A53D17B3 /* DictateToBufferApp.swift */ = {isa = PBXFileReference; lastKnownFileType = sourcecode.swift; path = DictateToBufferApp.swift; sourceTree = "<group>"; };
		DE3D45022433FB82084D87C6 /* Info.plist */ = {isa = PBXFileReference; lastKnownFileType = text.plist; path = Info.plist; sourceTree = "<group>"; };
		E5DB177A1F0A10C7C070BE02 /* AppDelegate+Hotkeys.swift */ = {isa = PBXFileReference; lastKnownFileType = sourcecode.swift; path = "AppDelegate+Hotkeys.swift"; sourceTree = "<group>"; };
		EC24C7BC733033CDEB9DAB71 /* AppDelegate+MeetingRecording.swift */ = {isa = PBXFileReference; lastKnownFileType = sourcecode.swift; path = "AppDelegate+MeetingRecording.swift"; sourceTree = "<group>"; };
		F477DC31A0E7B0068D2ED272 /* Errors.swift */ = {isa = PBXFileReference; lastKnownFileType = sourcecode.swift; path = Errors.swift; sourceTree = "<group>"; };
/* End PBXFileReference section */

/* Begin PBXFrameworksBuildPhase section */
		30A03C6E803F3A2E6C69C4B1 /* Frameworks */ = {
			isa = PBXFrameworksBuildPhase;
			buildActionMask = 2147483647;
			files = (
				431C5762DE10B0BDE9A1C999 /* KeyboardShortcuts in Frameworks */,
			);
			runOnlyForDeploymentPostprocessing = 0;
		};
		9AF93559AAEEAAA64D861D2C /* Frameworks */ = {
			isa = PBXFrameworksBuildPhase;
			buildActionMask = 2147483647;
			files = (
				0EB07DA5853B032F714AFD09 /* KeyboardShortcuts in Frameworks */,
			);
			runOnlyForDeploymentPostprocessing = 0;
		};
/* End PBXFrameworksBuildPhase section */

/* Begin PBXGroup section */
		185169EEEBD8B22D87C1C4B7 /* Settings */ = {
			isa = PBXGroup;
			children = (
				17D357D963C031E5B5850ECE /* APISettingsView.swift */,
				1B9BAA42C7FEF8E1DE15973A /* AudioSettingsView.swift */,
				66EAD5734E14386424562576 /* GeneralSettingsView.swift */,
				76CC02BB7782241662F8CB53 /* LogsSettingsView.swift */,
				7B9C5E22631ED12264AD2F19 /* MeetingSettingsView.swift */,
				A5B10FB916FBEBB259440F9A /* SettingsView.swift */,
			);
			path = Settings;
			sourceTree = "<group>";
		};
		30E828163066A21DD30BE9A5 /* DictateToBuffer */ = {
			isa = PBXGroup;
			children = (
				AB703790719A5753855B025D /* App */,
				D23F05A2659BD498D284AFEA /* Core */,
				6FF32E9A6D60190BE419F415 /* Features */,
				777D53FC2F164B2A7F3A7AAA /* Resources */,
				DF2CF5CCD17B61B9557A22BA /* Utilities */,
			);
			path = DictateToBuffer;
			sourceTree = "<group>";
		};
		33B2ED8C55EBC08FF451D0E4 /* MenuBar */ = {
			isa = PBXGroup;
			children = (
				0EEC33B2EC7FEB45E0D02281 /* MenuBarContentView.swift */,
				30E1B4E82EBE006D3CC70591 /* MenuBarIconView.swift */,
			);
			path = MenuBar;
			sourceTree = "<group>";
		};
		35910C060B8E4F99BD40E022 /* Utilities */ = {
			isa = PBXGroup;
			children = (
				B19124AFF64E739DE31AC34F /* Logger.swift */,
			);
			path = Utilities;
			sourceTree = "<group>";
		};
		36882D91A701FA0FDAAC0D57 /* Products */ = {
			isa = PBXGroup;
			children = (
				B660FFDC9A9AFDAEB57A64ED /* DictateToBuffer-Test.app */,
				7145790624AE37A6197DE748 /* DictateToBuffer.app */,
			);
			name = Products;
			sourceTree = "<group>";
		};
		53D49C36AB3DD23AB879751C = {
			isa = PBXGroup;
			children = (
				E64051E90D2282665342C553 /* Config */,
				30E828163066A21DD30BE9A5 /* DictateToBuffer */,
				36882D91A701FA0FDAAC0D57 /* Products */,
			);
			sourceTree = "<group>";
		};
		6FF32E9A6D60190BE419F415 /* Features */ = {
			isa = PBXGroup;
			children = (
				33B2ED8C55EBC08FF451D0E4 /* MenuBar */,
				D4C49B28A5D34952429112BB /* Recording */,
				185169EEEBD8B22D87C1C4B7 /* Settings */,
			);
			path = Features;
			sourceTree = "<group>";
		};
		777D53FC2F164B2A7F3A7AAA /* Resources */ = {
			isa = PBXGroup;
			children = (
				235A48CAD891736076E7A034 /* Assets.xcassets */,
				1FB7B7DFCBC736735FDFAEB1 /* DictateToBuffer.entitlements */,
				DE3D45022433FB82084D87C6 /* Info.plist */,
			);
			path = Resources;
			sourceTree = "<group>";
		};
		7E494A930FCA92F4586AD21B /* Storage */ = {
			isa = PBXGroup;
			children = (
				9225CB126029F5D054CBEA9A /* KeychainManager.swift */,
				A40FDC5B2701641A6FBE9013 /* PermissionManager.swift */,
				4D37FC9B2446DD9B0AC0DCB4 /* PERMISSIONS_UPDATE.md */,
				B8C115B95A3507424A965095 /* PermissionsSettingsView.swift */,
				7D65D34E97343024C3E0E985 /* RecoveryStateManager.swift */,
				BBF7352EAC14BBD80A6FA77F /* SettingsStorage.swift */,
			);
			path = Storage;
			sourceTree = "<group>";
		};
		9004053C97C42E7237E19EBC /* Services */ = {
			isa = PBXGroup;
			children = (
				48706F13E5B88DE9AFDF3E57 /* AudioDeviceManager.swift */,
				02EF3078E4D5AE057242B38F /* AudioRecorderService.swift */,
				7735ECA8738852FC182A7BC9 /* ClipboardService.swift */,
				90C49ABB44C6B2D82A73B0BB /* HotkeyService.swift */,
				07F4465F02DB2B445206DB71 /* LogsService.swift */,
				97F0714DAE44675BBE28BBB3 /* MeetingRecorderService.swift */,
				6BA16860BAA9D81F88109197 /* PushToTalkService.swift */,
				33C5440F249D5DB5E132FF8C /* SonioxTranscriptionService.swift */,
				5351FB247200753C0C13B783 /* SystemAudioCaptureService.swift */,
			);
			path = Services;
			sourceTree = "<group>";
		};
		A2431973F7ABAE6984F0D05A /* Protocols */ = {
			isa = PBXGroup;
			children = (
				42012CB14362F8AEA1942BC6 /* ServiceProtocols.swift */,
			);
			path = Protocols;
			sourceTree = "<group>";
		};
		AB703790719A5753855B025D /* App */ = {
			isa = PBXGroup;
			children = (
				8B222B2AE33BA56A1DDE6FB3 /* AppDelegate.swift */,
				E5DB177A1F0A10C7C070BE02 /* AppDelegate+Hotkeys.swift */,
				EC24C7BC733033CDEB9DAB71 /* AppDelegate+MeetingRecording.swift */,
				12034E42EE112D1D1E87DEA3 /* AppDelegate+Recording.swift */,
				50DDB39061C8D2E1641F56DE /* AppDelegate+RecordingWindow.swift */,
				59BCAB75C7296C8E70C5BC6F /* AppDelegate+TranslationRecording.swift */,
				0C9C8C84BC939C82C9BD0103 /* AppState.swift */,
				C0CA533B4A832086A53D17B3 /* DictateToBufferApp.swift */,
			);
			path = App;
			sourceTree = "<group>";
		};
		D23F05A2659BD498D284AFEA /* Core */ = {
			isa = PBXGroup;
			children = (
				DF5020CEE4A1E7C18312CF9B /* Models */,
				A2431973F7ABAE6984F0D05A /* Protocols */,
				9004053C97C42E7237E19EBC /* Services */,
				7E494A930FCA92F4586AD21B /* Storage */,
				35910C060B8E4F99BD40E022 /* Utilities */,
			);
			path = Core;
			sourceTree = "<group>";
		};
		D4C49B28A5D34952429112BB /* Recording */ = {
			isa = PBXGroup;
			children = (
				7AACF3C5D2ADD5EC4AA26043 /* RecordingIndicatorView.swift */,
			);
			path = Recording;
			sourceTree = "<group>";
		};
		DF2CF5CCD17B61B9557A22BA /* Utilities */ = {
			isa = PBXGroup;
			children = (
				1567EB67BC7A34EB2238219B /* NotificationManager.swift */,
			);
			path = Utilities;
			sourceTree = "<group>";
		};
		DF5020CEE4A1E7C18312CF9B /* Models */ = {
			isa = PBXGroup;
			children = (
				32FF6280219AE3FE114BDFFF /* AudioDevice.swift */,
				59976A0D925DA70BEF525D08 /* AudioQuality.swift */,
				F477DC31A0E7B0068D2ED272 /* Errors.swift */,
				54DF82D73E22BC8AAA7B6DE0 /* MeetingAudioSource.swift */,
				9D7723934AE13843F5AD6891 /* PushToTalkKey.swift */,
			);
			path = Models;
			sourceTree = "<group>";
		};
		E64051E90D2282665342C553 /* Config */ = {
			isa = PBXGroup;
			children = (
				6427D21B68DB7A12888979EC /* Debug.xcconfig */,
				96727DEA0D5B74E7AEC37D92 /* Release.xcconfig */,
			);
			path = Config;
			sourceTree = "<group>";
		};
/* End PBXGroup section */

/* Begin PBXNativeTarget section */
		100AAAC123DD191E535F3CE2 /* DictateToBuffer-Test */ = {
			isa = PBXNativeTarget;
			buildConfigurationList = 387D21533FB286327306268C /* Build configuration list for PBXNativeTarget "DictateToBuffer-Test" */;
			buildPhases = (
				F41830040C5EC243303316AE /* Sources */,
				5BBBA6060E49365F3AA833D1 /* Resources */,
				9AF93559AAEEAAA64D861D2C /* Frameworks */,
			);
			buildRules = (
			);
			dependencies = (
			);
			name = "DictateToBuffer-Test";
			packageProductDependencies = (
				803E3E39625CBD77BE2EF335 /* KeyboardShortcuts */,
			);
			productName = "DictateToBuffer-Test";
			productReference = B660FFDC9A9AFDAEB57A64ED /* DictateToBuffer-Test.app */;
			productType = "com.apple.product-type.application";
		};
		C7E5C25C1C6C61C4EC65227A /* DictateToBuffer */ = {
			isa = PBXNativeTarget;
			buildConfigurationList = 1A08B385EED6B1DE82D57547 /* Build configuration list for PBXNativeTarget "DictateToBuffer" */;
			buildPhases = (
				3912AE0D7B5342B9BCD51619 /* Sources */,
				E57C18B91F80E73E71922F0E /* Resources */,
				30A03C6E803F3A2E6C69C4B1 /* Frameworks */,
			);
			buildRules = (
			);
			dependencies = (
			);
			name = DictateToBuffer;
			packageProductDependencies = (
				E97BB6BC24D00E0EDEDF6293 /* KeyboardShortcuts */,
			);
			productName = DictateToBuffer;
			productReference = 7145790624AE37A6197DE748 /* DictateToBuffer.app */;
			productType = "com.apple.product-type.application";
		};
/* End PBXNativeTarget section */

/* Begin PBXProject section */
		71E970AEB94CA8C56B623B9C /* Project object */ = {
			isa = PBXProject;
			attributes = {
				BuildIndependentTargetsInParallel = YES;
				LastUpgradeCheck = 1500;
				TargetAttributes = {
					100AAAC123DD191E535F3CE2 = {
						DevelopmentTeam = 8JL9TM5WLG;
						ProvisioningStyle = Automatic;
					};
					C7E5C25C1C6C61C4EC65227A = {
						DevelopmentTeam = 8JL9TM5WLG;
						ProvisioningStyle = Automatic;
					};
				};
			};
			buildConfigurationList = 2F6FC79E07FF5ABCD079CAE2 /* Build configuration list for PBXProject "DictateToBuffer" */;
			compatibilityVersion = "Xcode 14.0";
			developmentRegion = en;
			hasScannedForEncodings = 0;
			knownRegions = (
				Base,
				en,
			);
			mainGroup = 53D49C36AB3DD23AB879751C;
			minimizedProjectReferenceProxies = 1;
			packageReferences = (
				A1902CA5401640D8BF7AD331 /* XCRemoteSwiftPackageReference "KeyboardShortcuts" */,
			);
			preferredProjectObjectVersion = 77;
			projectDirPath = "";
			projectRoot = "";
			targets = (
				C7E5C25C1C6C61C4EC65227A /* DictateToBuffer */,
				100AAAC123DD191E535F3CE2 /* DictateToBuffer-Test */,
			);
		};
/* End PBXProject section */

/* Begin PBXResourcesBuildPhase section */
		5BBBA6060E49365F3AA833D1 /* Resources */ = {
			isa = PBXResourcesBuildPhase;
			buildActionMask = 2147483647;
			files = (
				358F5950982D4F8B0AF700A6 /* Assets.xcassets in Resources */,
				C8505F8AA0627D47DE3D805F /* PERMISSIONS_UPDATE.md in Resources */,
			);
			runOnlyForDeploymentPostprocessing = 0;
		};
		E57C18B91F80E73E71922F0E /* Resources */ = {
			isa = PBXResourcesBuildPhase;
			buildActionMask = 2147483647;
			files = (
				5F4FCDA07D0B3AD03A5BCBA2 /* Assets.xcassets in Resources */,
				8CEA23A2A0CFE986BB67C1E8 /* PERMISSIONS_UPDATE.md in Resources */,
			);
			runOnlyForDeploymentPostprocessing = 0;
		};
/* End PBXResourcesBuildPhase section */

/* Begin PBXSourcesBuildPhase section */
		3912AE0D7B5342B9BCD51619 /* Sources */ = {
			isa = PBXSourcesBuildPhase;
			buildActionMask = 2147483647;
			files = (
				8FD5570277904613BF271E19 /* APISettingsView.swift in Sources */,
				AB131D2851CD9B4E029BBA66 /* AppDelegate+Hotkeys.swift in Sources */,
				DC63709948B21A56233D2B8B /* AppDelegate+MeetingRecording.swift in Sources */,
				C877ADB554FE138356E83940 /* AppDelegate+Recording.swift in Sources */,
				1679E935B0D2FD9FFD6AAA3F /* AppDelegate+RecordingWindow.swift in Sources */,
				66F38EFBB4A2D0A0D8803897 /* AppDelegate+TranslationRecording.swift in Sources */,
				F6ACBE82CBD0ED356FF70268 /* AppDelegate.swift in Sources */,
				3717CEFAE7A2E668AE425D28 /* AppState.swift in Sources */,
				5D0EB89076BBE19907F52571 /* AudioDevice.swift in Sources */,
				8B499BA1A958E2720B1132A2 /* AudioDeviceManager.swift in Sources */,
				204E730BEBC49E672645D2E8 /* AudioQuality.swift in Sources */,
				D70EB5CDE9E97727CB759E2E /* AudioRecorderService.swift in Sources */,
				65275CEE2A3AA142B1E5D0E3 /* AudioSettingsView.swift in Sources */,
				E7D6023F0BC32B9338F3FD60 /* ClipboardService.swift in Sources */,
				0249F77241A1AEBB02380D01 /* DictateToBufferApp.swift in Sources */,
				8375FC600B78D8F84505A051 /* Errors.swift in Sources */,
				E54F25D4E42ED15F05B8EC98 /* GeneralSettingsView.swift in Sources */,
				1397567FC306A90CB665E8CD /* HotkeyService.swift in Sources */,
				C17BDA9EE542AC046460184C /* KeychainManager.swift in Sources */,
				45F12EF4B6CA8E7D46DF5E3F /* Logger.swift in Sources */,
				FB18E2ED95CD81632E9E5696 /* LogsService.swift in Sources */,
				FBC8B3CF339936F3C622D72B /* LogsSettingsView.swift in Sources */,
				F62E9D412EA066D1DAA9F160 /* MeetingAudioSource.swift in Sources */,
				19AD6A05CE516EC0370D8BAC /* MeetingRecorderService.swift in Sources */,
				7C11A9ADCFC5F33C1CD646E7 /* MeetingSettingsView.swift in Sources */,
				91E810857BA47941368423CE /* MenuBarContentView.swift in Sources */,
				1F9F346A0A6250FC62B0FDDE /* MenuBarIconView.swift in Sources */,
				4A7EB9955F88403BD8FFA1CB /* NotificationManager.swift in Sources */,
				703A6D7E2E79DCFBDCDEBFF1 /* PermissionManager.swift in Sources */,
				DA2DECED230CBC0B90D687FA /* PermissionsSettingsView.swift in Sources */,
				93FBA7C9195BD3F2D700C51C /* PushToTalkKey.swift in Sources */,
				DE0C518CB5CF5BB9F65AA2BD /* PushToTalkService.swift in Sources */,
				15058D1C28322A4232D419B2 /* RecordingIndicatorView.swift in Sources */,
				B60D38E3783DF7E29C483887 /* RecoveryStateManager.swift in Sources */,
				9E435718BEA59D60F58B00A1 /* ServiceProtocols.swift in Sources */,
				25CEEBF8D380BC5501EE5B72 /* SettingsStorage.swift in Sources */,
				08EF18587EB1E236A4AA6A56 /* SettingsView.swift in Sources */,
				7B3D4DA857116C38BA05E68E /* SonioxTranscriptionService.swift in Sources */,
				8A305E18AE3E58F9588F3BF4 /* SystemAudioCaptureService.swift in Sources */,
			);
			runOnlyForDeploymentPostprocessing = 0;
		};
		F41830040C5EC243303316AE /* Sources */ = {
			isa = PBXSourcesBuildPhase;
			buildActionMask = 2147483647;
			files = (
				EB4239CEEDFCDEB7142EA5B1 /* APISettingsView.swift in Sources */,
				1C15B92EFDD6977B253CD94A /* AppDelegate+Hotkeys.swift in Sources */,
				2C1EAF9A748FE65312FE7A6A /* AppDelegate+MeetingRecording.swift in Sources */,
				F3402117E71A870CDFF9E096 /* AppDelegate+Recording.swift in Sources */,
				F365ECE84C1840CF2017AFB2 /* AppDelegate+RecordingWindow.swift in Sources */,
				75CD23D5DC58F8AE9C1C55DC /* AppDelegate+TranslationRecording.swift in Sources */,
				E1E5653F416DDBFB1937D5CE /* AppDelegate.swift in Sources */,
				AF7BD44D26F3E3011A2673FA /* AppState.swift in Sources */,
				2542BE6613A2AC06CBC74C69 /* AudioDevice.swift in Sources */,
				7AC7E6F343963CA314D49336 /* AudioDeviceManager.swift in Sources */,
				36616FB54AA71B10862741AD /* AudioQuality.swift in Sources */,
				776E0168D23115510C13D5F6 /* AudioRecorderService.swift in Sources */,
				E9F5BDE6D841F52961E36AD3 /* AudioSettingsView.swift in Sources */,
				96525A0B2D15BE12C4C0155C /* ClipboardService.swift in Sources */,
				7C3BBEA719429071AB20F849 /* DictateToBufferApp.swift in Sources */,
				31C182C52114DA7C94EA09F6 /* Errors.swift in Sources */,
				B4B78A5C7CCDA452D34F77E1 /* GeneralSettingsView.swift in Sources */,
				F13D4E693C71A396F6EA85D5 /* HotkeyService.swift in Sources */,
				97784BA6CDA3437C5CD110F5 /* KeychainManager.swift in Sources */,
				506FA60F79558694143E34F3 /* Logger.swift in Sources */,
				F109DD85932B6ACCAAA6F135 /* LogsService.swift in Sources */,
				6AD7BBD9D78CEF319F82E190 /* LogsSettingsView.swift in Sources */,
				2DF9E0B4F21948F8CF806ED0 /* MeetingAudioSource.swift in Sources */,
				E9DE44BD9C0992E491815993 /* MeetingRecorderService.swift in Sources */,
				2ED094FABE23A5926EAAAA1B /* MeetingSettingsView.swift in Sources */,
				1247D42C1AB82FEC9132B7C2 /* MenuBarContentView.swift in Sources */,
				C1C640307444C5AB27449CBC /* MenuBarIconView.swift in Sources */,
				122D62C4FC8984EAE8B16C19 /* NotificationManager.swift in Sources */,
				3BEB1233DD17D0FC3C66D526 /* PermissionManager.swift in Sources */,
				9573D896FF9105C2E59CCBD2 /* PermissionsSettingsView.swift in Sources */,
				17FAB0C06A6B928F8F6E84CC /* PushToTalkKey.swift in Sources */,
				2FBA0B90D6B95DF5EFF6E730 /* PushToTalkService.swift in Sources */,
				052A1967A32C5488C4244241 /* RecordingIndicatorView.swift in Sources */,
				D8354F789F6B6C6FCEAC1F3E /* RecoveryStateManager.swift in Sources */,
				1AC50EA7D55D2DC52004230D /* ServiceProtocols.swift in Sources */,
				237F0FB2264ECB220BB22776 /* SettingsStorage.swift in Sources */,
				76682C944FF7F24033352AF2 /* SettingsView.swift in Sources */,
				DCD3FA8DD73B8C02C27C14AD /* SonioxTranscriptionService.swift in Sources */,
				31E8D9840A1DC75AB56A5526 /* SystemAudioCaptureService.swift in Sources */,
			);
			runOnlyForDeploymentPostprocessing = 0;
		};
/* End PBXSourcesBuildPhase section */

/* Begin XCBuildConfiguration section */
		6CAA24D123E49B345F751E12 /* Debug */ = {
			isa = XCBuildConfiguration;
			buildSettings = {
				ASSETCATALOG_COMPILER_APPICON_NAME = AppIcon;
				CODE_SIGN_ENTITLEMENTS = DictateToBuffer/Resources/DictateToBuffer.entitlements;
				COMBINE_HIDPI_IMAGES = YES;
				INFOPLIST_FILE = DictateToBuffer/Resources/Info.plist;
				LD_RUNPATH_SEARCH_PATHS = (
					"@executable_path/../Frameworks",
				);
				PRODUCT_BUNDLE_IDENTIFIER = ua.com.rmarinsky.dictatetobuffer;
				SDKROOT = macosx;
			};
			name = Debug;
		};
		6E2545CD8AEAD1BB0F85EF3A /* Release */ = {
			isa = XCBuildConfiguration;
			buildSettings = {
				ASSETCATALOG_COMPILER_APPICON_NAME = AppIcon;
				CODE_SIGN_ENTITLEMENTS = DictateToBuffer/Resources/DictateToBuffer.entitlements;
				COMBINE_HIDPI_IMAGES = YES;
				INFOPLIST_FILE = DictateToBuffer/Resources/Info.plist;
				LD_RUNPATH_SEARCH_PATHS = (
					"@executable_path/../Frameworks",
				);
				PRODUCT_BUNDLE_IDENTIFIER = ua.com.rmarinsky.dictatetobuffer.test;
				PRODUCT_NAME = "DictateToBuffer Test";
				SDKROOT = macosx;
				SWIFT_ACTIVE_COMPILATION_CONDITIONS = TEST_BUILD;
			};
			name = Release;
		};
		A61A1F4D876CDD76FDA34823 /* Debug */ = {
			isa = XCBuildConfiguration;
			baseConfigurationReference = 6427D21B68DB7A12888979EC /* Debug.xcconfig */;
			buildSettings = {
				ALWAYS_SEARCH_USER_PATHS = NO;
				ARCHS = "arm64 x86_64";
				CLANG_ANALYZER_NONNULL = YES;
				CLANG_ANALYZER_NUMBER_OBJECT_CONVERSION = YES_AGGRESSIVE;
				CLANG_CXX_LANGUAGE_STANDARD = "gnu++14";
				CLANG_CXX_LIBRARY = "libc++";
				CLANG_ENABLE_MODULES = YES;
				CLANG_ENABLE_OBJC_ARC = YES;
				CLANG_ENABLE_OBJC_WEAK = YES;
				CLANG_WARN_BLOCK_CAPTURE_AUTORELEASING = YES;
				CLANG_WARN_BOOL_CONVERSION = YES;
				CLANG_WARN_COMMA = YES;
				CLANG_WARN_CONSTANT_CONVERSION = YES;
				CLANG_WARN_DEPRECATED_OBJC_IMPLEMENTATIONS = YES;
				CLANG_WARN_DIRECT_OBJC_ISA_USAGE = YES_ERROR;
				CLANG_WARN_DOCUMENTATION_COMMENTS = YES;
				CLANG_WARN_EMPTY_BODY = YES;
				CLANG_WARN_ENUM_CONVERSION = YES;
				CLANG_WARN_INFINITE_RECURSION = YES;
				CLANG_WARN_INT_CONVERSION = YES;
				CLANG_WARN_NON_LITERAL_NULL_CONVERSION = YES;
				CLANG_WARN_OBJC_IMPLICIT_RETAIN_SELF = YES;
				CLANG_WARN_OBJC_LITERAL_CONVERSION = YES;
				CLANG_WARN_OBJC_ROOT_CLASS = YES_ERROR;
				CLANG_WARN_QUOTED_INCLUDE_IN_FRAMEWORK_HEADER = YES;
				CLANG_WARN_RANGE_LOOP_ANALYSIS = YES;
				CLANG_WARN_STRICT_PROTOTYPES = YES;
				CLANG_WARN_SUSPICIOUS_MOVE = YES;
				CLANG_WARN_UNGUARDED_AVAILABILITY = YES_AGGRESSIVE;
				CLANG_WARN_UNREACHABLE_CODE = YES;
				CLANG_WARN__DUPLICATE_METHOD_MATCH = YES;
				CODE_SIGN_IDENTITY = "Apple Development";
				CODE_SIGN_STYLE = Automatic;
				COPY_PHASE_STRIP = NO;
				CURRENT_PROJECT_VERSION = 1;
				DEVELOPMENT_TEAM = 8JL9TM5WLG;
				ENABLE_HARDENED_RUNTIME = YES;
				ENABLE_STRICT_OBJC_MSGSEND = YES;
				GCC_C_LANGUAGE_STANDARD = gnu11;
				GCC_DYNAMIC_NO_PIC = NO;
				GCC_NO_COMMON_BLOCKS = YES;
				GCC_PREPROCESSOR_DEFINITIONS = (
					"$(inherited)",
					"DEBUG=1",
				);
				GCC_WARN_64_TO_32_BIT_CONVERSION = YES;
				GCC_WARN_ABOUT_RETURN_TYPE = YES_ERROR;
				GCC_WARN_UNDECLARED_SELECTOR = YES;
				GCC_WARN_UNINITIALIZED_AUTOS = YES_AGGRESSIVE;
				GCC_WARN_UNUSED_FUNCTION = YES;
				GCC_WARN_UNUSED_VARIABLE = YES;
				MACOSX_DEPLOYMENT_TARGET = 14.0;
				MARKETING_VERSION = 1.1.0;
				MTL_ENABLE_DEBUG_INFO = INCLUDE_SOURCE;
				MTL_FAST_MATH = YES;
				ONLY_ACTIVE_ARCH = NO;
				PRODUCT_NAME = "$(TARGET_NAME)";
				SDKROOT = macosx;
				SWIFT_ACTIVE_COMPILATION_CONDITIONS = DEBUG;
				SWIFT_VERSION = 5.0;
			};
			name = Debug;
		};
		AFAF42B7501E3E0527FA39C0 /* Release */ = {
			isa = XCBuildConfiguration;
			buildSettings = {
				ASSETCATALOG_COMPILER_APPICON_NAME = AppIcon;
				CODE_SIGN_ENTITLEMENTS = DictateToBuffer/Resources/DictateToBuffer.entitlements;
				COMBINE_HIDPI_IMAGES = YES;
				INFOPLIST_FILE = DictateToBuffer/Resources/Info.plist;
				LD_RUNPATH_SEARCH_PATHS = (
					"@executable_path/../Frameworks",
				);
				PRODUCT_BUNDLE_IDENTIFIER = ua.com.rmarinsky.dictatetobuffer;
				SDKROOT = macosx;
			};
			name = Release;
		};
		BB9183E36B4B5C2D012A6013 /* Release */ = {
			isa = XCBuildConfiguration;
			baseConfigurationReference = 96727DEA0D5B74E7AEC37D92 /* Release.xcconfig */;
			buildSettings = {
				ALWAYS_SEARCH_USER_PATHS = NO;
				ARCHS = "arm64 x86_64";
				CLANG_ANALYZER_NONNULL = YES;
				CLANG_ANALYZER_NUMBER_OBJECT_CONVERSION = YES_AGGRESSIVE;
				CLANG_CXX_LANGUAGE_STANDARD = "gnu++14";
				CLANG_CXX_LIBRARY = "libc++";
				CLANG_ENABLE_MODULES = YES;
				CLANG_ENABLE_OBJC_ARC = YES;
				CLANG_ENABLE_OBJC_WEAK = YES;
				CLANG_WARN_BLOCK_CAPTURE_AUTORELEASING = YES;
				CLANG_WARN_BOOL_CONVERSION = YES;
				CLANG_WARN_COMMA = YES;
				CLANG_WARN_CONSTANT_CONVERSION = YES;
				CLANG_WARN_DEPRECATED_OBJC_IMPLEMENTATIONS = YES;
				CLANG_WARN_DIRECT_OBJC_ISA_USAGE = YES_ERROR;
				CLANG_WARN_DOCUMENTATION_COMMENTS = YES;
				CLANG_WARN_EMPTY_BODY = YES;
				CLANG_WARN_ENUM_CONVERSION = YES;
				CLANG_WARN_INFINITE_RECURSION = YES;
				CLANG_WARN_INT_CONVERSION = YES;
				CLANG_WARN_NON_LITERAL_NULL_CONVERSION = YES;
				CLANG_WARN_OBJC_IMPLICIT_RETAIN_SELF = YES;
				CLANG_WARN_OBJC_LITERAL_CONVERSION = YES;
				CLANG_WARN_OBJC_ROOT_CLASS = YES_ERROR;
				CLANG_WARN_QUOTED_INCLUDE_IN_FRAMEWORK_HEADER = YES;
				CLANG_WARN_RANGE_LOOP_ANALYSIS = YES;
				CLANG_WARN_STRICT_PROTOTYPES = YES;
				CLANG_WARN_SUSPICIOUS_MOVE = YES;
				CLANG_WARN_UNGUARDED_AVAILABILITY = YES_AGGRESSIVE;
				CLANG_WARN_UNREACHABLE_CODE = YES;
				CLANG_WARN__DUPLICATE_METHOD_MATCH = YES;
				CODE_SIGN_IDENTITY = "Apple Development";
				CODE_SIGN_STYLE = Automatic;
				COPY_PHASE_STRIP = NO;
				CURRENT_PROJECT_VERSION = 1;
				DEVELOPMENT_TEAM = 8JL9TM5WLG;
				ENABLE_HARDENED_RUNTIME = YES;
				ENABLE_NS_ASSERTIONS = NO;
				ENABLE_STRICT_OBJC_MSGSEND = YES;
				GCC_C_LANGUAGE_STANDARD = gnu11;
				GCC_NO_COMMON_BLOCKS = YES;
				GCC_WARN_64_TO_32_BIT_CONVERSION = YES;
				GCC_WARN_ABOUT_RETURN_TYPE = YES_ERROR;
				GCC_WARN_UNDECLARED_SELECTOR = YES;
				GCC_WARN_UNINITIALIZED_AUTOS = YES_AGGRESSIVE;
				GCC_WARN_UNUSED_FUNCTION = YES;
				GCC_WARN_UNUSED_VARIABLE = YES;
				MACOSX_DEPLOYMENT_TARGET = 14.0;
				MARKETING_VERSION = 1.1.0;
				MTL_ENABLE_DEBUG_INFO = NO;
				MTL_FAST_MATH = YES;
				ONLY_ACTIVE_ARCH = NO;
				PRODUCT_NAME = "$(TARGET_NAME)";
				SDKROOT = macosx;
				SWIFT_COMPILATION_MODE = wholemodule;
				SWIFT_VERSION = 5.0;
			};
			name = Release;
		};
		E40EAA35D9944A38980B682F /* Debug */ = {
			isa = XCBuildConfiguration;
			buildSettings = {
				ASSETCATALOG_COMPILER_APPICON_NAME = AppIcon;
				CODE_SIGN_ENTITLEMENTS = DictateToBuffer/Resources/DictateToBuffer.entitlements;
				COMBINE_HIDPI_IMAGES = YES;
				INFOPLIST_FILE = DictateToBuffer/Resources/Info.plist;
				LD_RUNPATH_SEARCH_PATHS = (
					"@executable_path/../Frameworks",
				);
				PRODUCT_BUNDLE_IDENTIFIER = ua.com.rmarinsky.dictatetobuffer.test;
				PRODUCT_NAME = "DictateToBuffer Test";
				SDKROOT = macosx;
				SWIFT_ACTIVE_COMPILATION_CONDITIONS = TEST_BUILD;
			};
			name = Debug;
		};
/* End XCBuildConfiguration section */

/* Begin XCConfigurationList section */
		1A08B385EED6B1DE82D57547 /* Build configuration list for PBXNativeTarget "DictateToBuffer" */ = {
			isa = XCConfigurationList;
			buildConfigurations = (
				6CAA24D123E49B345F751E12 /* Debug */,
				AFAF42B7501E3E0527FA39C0 /* Release */,
			);
			defaultConfigurationIsVisible = 0;
			defaultConfigurationName = Debug;
		};
		2F6FC79E07FF5ABCD079CAE2 /* Build configuration list for PBXProject "DictateToBuffer" */ = {
			isa = XCConfigurationList;
			buildConfigurations = (
				A61A1F4D876CDD76FDA34823 /* Debug */,
				BB9183E36B4B5C2D012A6013 /* Release */,
			);
			defaultConfigurationIsVisible = 0;
			defaultConfigurationName = Debug;
		};
		387D21533FB286327306268C /* Build configuration list for PBXNativeTarget "DictateToBuffer-Test" */ = {
			isa = XCConfigurationList;
			buildConfigurations = (
				E40EAA35D9944A38980B682F /* Debug */,
				6E2545CD8AEAD1BB0F85EF3A /* Release */,
			);
			defaultConfigurationIsVisible = 0;
			defaultConfigurationName = Debug;
		};
/* End XCConfigurationList section */

/* Begin XCRemoteSwiftPackageReference section */
		A1902CA5401640D8BF7AD331 /* XCRemoteSwiftPackageReference "KeyboardShortcuts" */ = {
			isa = XCRemoteSwiftPackageReference;
			repositoryURL = "https://github.com/sindresorhus/KeyboardShortcuts";
			requirement = {
				kind = upToNextMajorVersion;
				minimumVersion = 2.0.0;
			};
		};
/* End XCRemoteSwiftPackageReference section */

/* Begin XCSwiftPackageProductDependency section */
		803E3E39625CBD77BE2EF335 /* KeyboardShortcuts */ = {
			isa = XCSwiftPackageProductDependency;
			package = A1902CA5401640D8BF7AD331 /* XCRemoteSwiftPackageReference "KeyboardShortcuts" */;
			productName = KeyboardShortcuts;
		};
		E97BB6BC24D00E0EDEDF6293 /* KeyboardShortcuts */ = {
			isa = XCSwiftPackageProductDependency;
			package = A1902CA5401640D8BF7AD331 /* XCRemoteSwiftPackageReference "KeyboardShortcuts" */;
			productName = KeyboardShortcuts;
		};
/* End XCSwiftPackageProductDependency section */
	};
	rootObject = 71E970AEB94CA8C56B623B9C /* Project object */;
}
